
Microsoft Visual Studio Solution File, Format Version 12.00
# Visual Studio Version 16
VisualStudioVersion = 16.0.29613.14
MinimumVisualStudioVersion = 10.0.40219.1
Project("{FAE04EC0-301F-11D3-BF4B-00C04F79EFBC}") = "codeWarsFindOdd", "codeWarsFindOdd\codeWarsFindOdd.csproj", "{C22D7D18-B734-4A75-93E4-6BD332280AE7}"
EndProject
Global
	GlobalSection(SolutionConfigurationPlatforms) = preSolution
		Debug|Any CPU = Debug|Any CPU
		Release|Any CPU = Release|Any CPU
	EndGlobalSection
	GlobalSection(ProjectConfigurationPlatforms) = postSolution
		{C22D7D18-B734-4A75-93E4-6BD332280AE7}.Debug|Any CPU.ActiveCfg = Debug|Any CPU
		{C22D7D18-B734-4A75-93E4-6BD332280AE7}.Debug|Any CPU.Build.0 = Debug|Any CPU
		{C22D7D18-B734-4A75-93E4-6BD332280AE7}.Release|Any CPU.ActiveCfg = Release|Any CPU
		{C22D7D18-B734-4A75-93E4-6BD332280AE7}.Release|Any CPU.Build.0 = Release|Any CPU
	EndGlobalSection
	GlobalSection(SolutionProperties) = preSolution
		HideSolutionNode = FALSE
	EndGlobalSection
	GlobalSection(ExtensibilityGlobals) = postSolution
		SolutionGuid = {E6A74AA7-0B43-425B-A896-37A3FD33BF8F}
	EndGlobalSection
EndGlobal
