
Microsoft Visual Studio Solution File, Format Version 12.00
# Visual Studio Version 16
VisualStudioVersion = 16.0.29613.14
MinimumVisualStudioVersion = 10.0.40219.1
Project("{FAE04EC0-301F-11D3-BF4B-00C04F79EFBC}") = "codeWarsGradeBook", "codeWarsGradeBook\codeWarsGradeBook.csproj", "{8F188341-CF53-4B66-B289-9D723FCF550C}"
EndProject
Global
	GlobalSection(SolutionConfigurationPlatforms) = preSolution
		Debug|Any CPU = Debug|Any CPU
		Release|Any CPU = Release|Any CPU
	EndGlobalSection
	GlobalSection(ProjectConfigurationPlatforms) = postSolution
		{8F188341-CF53-4B66-B289-9D723FCF550C}.Debug|Any CPU.ActiveCfg = Debug|Any CPU
		{8F188341-CF53-4B66-B289-9D723FCF550C}.Debug|Any CPU.Build.0 = Debug|Any CPU
		{8F188341-CF53-4B66-B289-9D723FCF550C}.Release|Any CPU.ActiveCfg = Release|Any CPU
		{8F188341-CF53-4B66-B289-9D723FCF550C}.Release|Any CPU.Build.0 = Release|Any CPU
	EndGlobalSection
	GlobalSection(SolutionProperties) = preSolution
		HideSolutionNode = FALSE
	EndGlobalSection
	GlobalSection(ExtensibilityGlobals) = postSolution
		SolutionGuid = {3A6E6A45-E371-48B9-BD80-D135595C0156}
	EndGlobalSection
EndGlobal
