
Microsoft Visual Studio Solution File, Format Version 12.00
# Visual Studio Version 16
VisualStudioVersion = 16.0.29613.14
MinimumVisualStudioVersion = 10.0.40219.1
Project("{FAE04EC0-301F-11D3-BF4B-00C04F79EFBC}") = "codeWarsDecimalToBinaryCounter", "codeWarsDecimalToBinaryCounter\codeWarsDecimalToBinaryCounter.csproj", "{5BA1D633-8AE7-48BA-AD98-951211B33310}"
EndProject
Global
	GlobalSection(SolutionConfigurationPlatforms) = preSolution
		Debug|Any CPU = Debug|Any CPU
		Release|Any CPU = Release|Any CPU
	EndGlobalSection
	GlobalSection(ProjectConfigurationPlatforms) = postSolution
		{5BA1D633-8AE7-48BA-AD98-951211B33310}.Debug|Any CPU.ActiveCfg = Debug|Any CPU
		{5BA1D633-8AE7-48BA-AD98-951211B33310}.Debug|Any CPU.Build.0 = Debug|Any CPU
		{5BA1D633-8AE7-48BA-AD98-951211B33310}.Release|Any CPU.ActiveCfg = Release|Any CPU
		{5BA1D633-8AE7-48BA-AD98-951211B33310}.Release|Any CPU.Build.0 = Release|Any CPU
	EndGlobalSection
	GlobalSection(SolutionProperties) = preSolution
		HideSolutionNode = FALSE
	EndGlobalSection
	GlobalSection(ExtensibilityGlobals) = postSolution
		SolutionGuid = {F1D490CB-1E99-47C0-9D79-D01B47EB7E02}
	EndGlobalSection
EndGlobal
