
Microsoft Visual Studio Solution File, Format Version 12.00
# Visual Studio Version 16
VisualStudioVersion = 16.0.29613.14
MinimumVisualStudioVersion = 10.0.40219.1
Project("{FAE04EC0-301F-11D3-BF4B-00C04F79EFBC}") = "codeWarsDeadFish", "codeWarsDeadFish\codeWarsDeadFish.csproj", "{0C1FFFA5-7255-4C51-A55A-B53D00789816}"
EndProject
Global
	GlobalSection(SolutionConfigurationPlatforms) = preSolution
		Debug|Any CPU = Debug|Any CPU
		Release|Any CPU = Release|Any CPU
	EndGlobalSection
	GlobalSection(ProjectConfigurationPlatforms) = postSolution
		{0C1FFFA5-7255-4C51-A55A-B53D00789816}.Debug|Any CPU.ActiveCfg = Debug|Any CPU
		{0C1FFFA5-7255-4C51-A55A-B53D00789816}.Debug|Any CPU.Build.0 = Debug|Any CPU
		{0C1FFFA5-7255-4C51-A55A-B53D00789816}.Release|Any CPU.ActiveCfg = Release|Any CPU
		{0C1FFFA5-7255-4C51-A55A-B53D00789816}.Release|Any CPU.Build.0 = Release|Any CPU
	EndGlobalSection
	GlobalSection(SolutionProperties) = preSolution
		HideSolutionNode = FALSE
	EndGlobalSection
	GlobalSection(ExtensibilityGlobals) = postSolution
		SolutionGuid = {1C8CA373-5C97-48E3-B094-5F0E8863E018}
	EndGlobalSection
EndGlobal
