
Microsoft Visual Studio Solution File, Format Version 12.00
# Visual Studio Version 16
VisualStudioVersion = 16.0.29613.14
MinimumVisualStudioVersion = 10.0.40219.1
Project("{FAE04EC0-301F-11D3-BF4B-00C04F79EFBC}") = "ConsoleApp12", "ConsoleApp12\ConsoleApp12.csproj", "{BC523CC0-382F-4EC1-989E-935DDAFB26AC}"
EndProject
Global
	GlobalSection(SolutionConfigurationPlatforms) = preSolution
		Debug|Any CPU = Debug|Any CPU
		Release|Any CPU = Release|Any CPU
	EndGlobalSection
	GlobalSection(ProjectConfigurationPlatforms) = postSolution
		{BC523CC0-382F-4EC1-989E-935DDAFB26AC}.Debug|Any CPU.ActiveCfg = Debug|Any CPU
		{BC523CC0-382F-4EC1-989E-935DDAFB26AC}.Debug|Any CPU.Build.0 = Debug|Any CPU
		{BC523CC0-382F-4EC1-989E-935DDAFB26AC}.Release|Any CPU.ActiveCfg = Release|Any CPU
		{BC523CC0-382F-4EC1-989E-935DDAFB26AC}.Release|Any CPU.Build.0 = Release|Any CPU
	EndGlobalSection
	GlobalSection(SolutionProperties) = preSolution
		HideSolutionNode = FALSE
	EndGlobalSection
	GlobalSection(ExtensibilityGlobals) = postSolution
		SolutionGuid = {67008955-A620-4DDB-857A-75177C7070D3}
	EndGlobalSection
EndGlobal
