
Microsoft Visual Studio Solution File, Format Version 12.00
# Visual Studio Version 16
VisualStudioVersion = 16.0.29613.14
MinimumVisualStudioVersion = 10.0.40219.1
Project("{FAE04EC0-301F-11D3-BF4B-00C04F79EFBC}") = "codeWarsTicTacToe", "codeWarsTicTacToe\codeWarsTicTacToe.csproj", "{C6A081FC-4F21-4DF8-901D-ECE2EBFF9031}"
EndProject
Global
	GlobalSection(SolutionConfigurationPlatforms) = preSolution
		Debug|Any CPU = Debug|Any CPU
		Release|Any CPU = Release|Any CPU
	EndGlobalSection
	GlobalSection(ProjectConfigurationPlatforms) = postSolution
		{C6A081FC-4F21-4DF8-901D-ECE2EBFF9031}.Debug|Any CPU.ActiveCfg = Debug|Any CPU
		{C6A081FC-4F21-4DF8-901D-ECE2EBFF9031}.Debug|Any CPU.Build.0 = Debug|Any CPU
		{C6A081FC-4F21-4DF8-901D-ECE2EBFF9031}.Release|Any CPU.ActiveCfg = Release|Any CPU
		{C6A081FC-4F21-4DF8-901D-ECE2EBFF9031}.Release|Any CPU.Build.0 = Release|Any CPU
	EndGlobalSection
	GlobalSection(SolutionProperties) = preSolution
		HideSolutionNode = FALSE
	EndGlobalSection
	GlobalSection(ExtensibilityGlobals) = postSolution
		SolutionGuid = {E70C8EBD-5C0A-440A-809E-3DC0C97490ED}
	EndGlobalSection
EndGlobal
