
Microsoft Visual Studio Solution File, Format Version 12.00
# Visual Studio Version 16
VisualStudioVersion = 16.0.29613.14
MinimumVisualStudioVersion = 10.0.40219.1
Project("{FAE04EC0-301F-11D3-BF4B-00C04F79EFBC}") = "codeWarsTrafficLightsOneCar", "codeWarsTrafficLightsOneCar\codeWarsTrafficLightsOneCar.csproj", "{2BC1CF28-F485-4D59-82DD-C88342A046BD}"
EndProject
Global
	GlobalSection(SolutionConfigurationPlatforms) = preSolution
		Debug|Any CPU = Debug|Any CPU
		Release|Any CPU = Release|Any CPU
	EndGlobalSection
	GlobalSection(ProjectConfigurationPlatforms) = postSolution
		{2BC1CF28-F485-4D59-82DD-C88342A046BD}.Debug|Any CPU.ActiveCfg = Debug|Any CPU
		{2BC1CF28-F485-4D59-82DD-C88342A046BD}.Debug|Any CPU.Build.0 = Debug|Any CPU
		{2BC1CF28-F485-4D59-82DD-C88342A046BD}.Release|Any CPU.ActiveCfg = Release|Any CPU
		{2BC1CF28-F485-4D59-82DD-C88342A046BD}.Release|Any CPU.Build.0 = Release|Any CPU
	EndGlobalSection
	GlobalSection(SolutionProperties) = preSolution
		HideSolutionNode = FALSE
	EndGlobalSection
	GlobalSection(ExtensibilityGlobals) = postSolution
		SolutionGuid = {273C50F7-0CE9-4264-A0A5-44F10150E2C5}
	EndGlobalSection
EndGlobal
