
Microsoft Visual Studio Solution File, Format Version 12.00
# Visual Studio Version 16
VisualStudioVersion = 16.0.29613.14
MinimumVisualStudioVersion = 10.0.40219.1
Project("{FAE04EC0-301F-11D3-BF4B-00C04F79EFBC}") = "codeWars2Arrays", "codeWars2Arrays\codeWars2Arrays.csproj", "{C3DAFA09-31B2-4292-A286-3A87F3B58426}"
EndProject
Global
	GlobalSection(SolutionConfigurationPlatforms) = preSolution
		Debug|Any CPU = Debug|Any CPU
		Release|Any CPU = Release|Any CPU
	EndGlobalSection
	GlobalSection(ProjectConfigurationPlatforms) = postSolution
		{C3DAFA09-31B2-4292-A286-3A87F3B58426}.Debug|Any CPU.ActiveCfg = Debug|Any CPU
		{C3DAFA09-31B2-4292-A286-3A87F3B58426}.Debug|Any CPU.Build.0 = Debug|Any CPU
		{C3DAFA09-31B2-4292-A286-3A87F3B58426}.Release|Any CPU.ActiveCfg = Release|Any CPU
		{C3DAFA09-31B2-4292-A286-3A87F3B58426}.Release|Any CPU.Build.0 = Release|Any CPU
	EndGlobalSection
	GlobalSection(SolutionProperties) = preSolution
		HideSolutionNode = FALSE
	EndGlobalSection
	GlobalSection(ExtensibilityGlobals) = postSolution
		SolutionGuid = {42FFADF1-3E88-4A94-906B-0CB5B984268D}
	EndGlobalSection
EndGlobal
