
Microsoft Visual Studio Solution File, Format Version 12.00
# Visual Studio Version 16
VisualStudioVersion = 16.0.29613.14
MinimumVisualStudioVersion = 10.0.40219.1
Project("{FAE04EC0-301F-11D3-BF4B-00C04F79EFBC}") = "codeWarsNumberToReversedArray", "codeWarsNumberToReversedArray\codeWarsNumberToReversedArray.csproj", "{E3F48DCD-DBE0-433A-A0B4-93838E4B3A00}"
EndProject
Global
	GlobalSection(SolutionConfigurationPlatforms) = preSolution
		Debug|Any CPU = Debug|Any CPU
		Release|Any CPU = Release|Any CPU
	EndGlobalSection
	GlobalSection(ProjectConfigurationPlatforms) = postSolution
		{E3F48DCD-DBE0-433A-A0B4-93838E4B3A00}.Debug|Any CPU.ActiveCfg = Debug|Any CPU
		{E3F48DCD-DBE0-433A-A0B4-93838E4B3A00}.Debug|Any CPU.Build.0 = Debug|Any CPU
		{E3F48DCD-DBE0-433A-A0B4-93838E4B3A00}.Release|Any CPU.ActiveCfg = Release|Any CPU
		{E3F48DCD-DBE0-433A-A0B4-93838E4B3A00}.Release|Any CPU.Build.0 = Release|Any CPU
	EndGlobalSection
	GlobalSection(SolutionProperties) = preSolution
		HideSolutionNode = FALSE
	EndGlobalSection
	GlobalSection(ExtensibilityGlobals) = postSolution
		SolutionGuid = {4C84B144-AB2F-4B54-8F42-BEC08B27CA33}
	EndGlobalSection
EndGlobal
