
Microsoft Visual Studio Solution File, Format Version 12.00
# Visual Studio Version 16
VisualStudioVersion = 16.0.29509.3
MinimumVisualStudioVersion = 10.0.40219.1
Project("{FAE04EC0-301F-11D3-BF4B-00C04F79EFBC}") = "guessRandom", "guessRandom\guessRandom.csproj", "{F3C7F54F-FD00-45C8-98A5-8CB660EE6D1B}"
EndProject
Global
	GlobalSection(SolutionConfigurationPlatforms) = preSolution
		Debug|Any CPU = Debug|Any CPU
		Release|Any CPU = Release|Any CPU
	EndGlobalSection
	GlobalSection(ProjectConfigurationPlatforms) = postSolution
		{F3C7F54F-FD00-45C8-98A5-8CB660EE6D1B}.Debug|Any CPU.ActiveCfg = Debug|Any CPU
		{F3C7F54F-FD00-45C8-98A5-8CB660EE6D1B}.Debug|Any CPU.Build.0 = Debug|Any CPU
		{F3C7F54F-FD00-45C8-98A5-8CB660EE6D1B}.Release|Any CPU.ActiveCfg = Release|Any CPU
		{F3C7F54F-FD00-45C8-98A5-8CB660EE6D1B}.Release|Any CPU.Build.0 = Release|Any CPU
	EndGlobalSection
	GlobalSection(SolutionProperties) = preSolution
		HideSolutionNode = FALSE
	EndGlobalSection
	GlobalSection(ExtensibilityGlobals) = postSolution
		SolutionGuid = {388854BC-AA89-4F04-ABB6-A7113D509EC1}
	EndGlobalSection
EndGlobal
