
Microsoft Visual Studio Solution File, Format Version 12.00
# Visual Studio Version 16
VisualStudioVersion = 16.0.29613.14
MinimumVisualStudioVersion = 10.0.40219.1
Project("{FAE04EC0-301F-11D3-BF4B-00C04F79EFBC}") = "abstract", "abstract\abstract.csproj", "{02414134-6D3A-4EBE-9F3D-0DD736E203F2}"
EndProject
Global
	GlobalSection(SolutionConfigurationPlatforms) = preSolution
		Debug|Any CPU = Debug|Any CPU
		Release|Any CPU = Release|Any CPU
	EndGlobalSection
	GlobalSection(ProjectConfigurationPlatforms) = postSolution
		{02414134-6D3A-4EBE-9F3D-0DD736E203F2}.Debug|Any CPU.ActiveCfg = Debug|Any CPU
		{02414134-6D3A-4EBE-9F3D-0DD736E203F2}.Debug|Any CPU.Build.0 = Debug|Any CPU
		{02414134-6D3A-4EBE-9F3D-0DD736E203F2}.Release|Any CPU.ActiveCfg = Release|Any CPU
		{02414134-6D3A-4EBE-9F3D-0DD736E203F2}.Release|Any CPU.Build.0 = Release|Any CPU
	EndGlobalSection
	GlobalSection(SolutionProperties) = preSolution
		HideSolutionNode = FALSE
	EndGlobalSection
	GlobalSection(ExtensibilityGlobals) = postSolution
		SolutionGuid = {95B0A361-F27C-43A0-B9AA-4EF4E96AB742}
	EndGlobalSection
EndGlobal
