
Microsoft Visual Studio Solution File, Format Version 12.00
# Visual Studio Version 16
VisualStudioVersion = 16.0.29509.3
MinimumVisualStudioVersion = 10.0.40219.1
Project("{FAE04EC0-301F-11D3-BF4B-00C04F79EFBC}") = "discoverMeRemove", "discoverMeRemove\discoverMeRemove.csproj", "{BCE88769-E96A-4892-8BCB-691B3D1E2E30}"
EndProject
Global
	GlobalSection(SolutionConfigurationPlatforms) = preSolution
		Debug|Any CPU = Debug|Any CPU
		Release|Any CPU = Release|Any CPU
	EndGlobalSection
	GlobalSection(ProjectConfigurationPlatforms) = postSolution
		{BCE88769-E96A-4892-8BCB-691B3D1E2E30}.Debug|Any CPU.ActiveCfg = Debug|Any CPU
		{BCE88769-E96A-4892-8BCB-691B3D1E2E30}.Debug|Any CPU.Build.0 = Debug|Any CPU
		{BCE88769-E96A-4892-8BCB-691B3D1E2E30}.Release|Any CPU.ActiveCfg = Release|Any CPU
		{BCE88769-E96A-4892-8BCB-691B3D1E2E30}.Release|Any CPU.Build.0 = Release|Any CPU
	EndGlobalSection
	GlobalSection(SolutionProperties) = preSolution
		HideSolutionNode = FALSE
	EndGlobalSection
	GlobalSection(ExtensibilityGlobals) = postSolution
		SolutionGuid = {8E7576D9-5565-4B8F-B724-B6EDA03C9D60}
	EndGlobalSection
EndGlobal
