
Microsoft Visual Studio Solution File, Format Version 12.00
# Visual Studio Version 16
VisualStudioVersion = 16.0.29613.14
MinimumVisualStudioVersion = 10.0.40219.1
Project("{FAE04EC0-301F-11D3-BF4B-00C04F79EFBC}") = "codeWarsReverseName", "codeWarsReverseName\codeWarsReverseName.csproj", "{110F1E7F-5847-4F06-8B4A-D6E5A7386B74}"
EndProject
Global
	GlobalSection(SolutionConfigurationPlatforms) = preSolution
		Debug|Any CPU = Debug|Any CPU
		Release|Any CPU = Release|Any CPU
	EndGlobalSection
	GlobalSection(ProjectConfigurationPlatforms) = postSolution
		{110F1E7F-5847-4F06-8B4A-D6E5A7386B74}.Debug|Any CPU.ActiveCfg = Debug|Any CPU
		{110F1E7F-5847-4F06-8B4A-D6E5A7386B74}.Debug|Any CPU.Build.0 = Debug|Any CPU
		{110F1E7F-5847-4F06-8B4A-D6E5A7386B74}.Release|Any CPU.ActiveCfg = Release|Any CPU
		{110F1E7F-5847-4F06-8B4A-D6E5A7386B74}.Release|Any CPU.Build.0 = Release|Any CPU
	EndGlobalSection
	GlobalSection(SolutionProperties) = preSolution
		HideSolutionNode = FALSE
	EndGlobalSection
	GlobalSection(ExtensibilityGlobals) = postSolution
		SolutionGuid = {D8234E07-AF12-4268-9C16-4EC5F5282C53}
	EndGlobalSection
EndGlobal
