
Microsoft Visual Studio Solution File, Format Version 12.00
# Visual Studio Version 16
VisualStudioVersion = 16.0.29613.14
MinimumVisualStudioVersion = 10.0.40219.1
Project("{FAE04EC0-301F-11D3-BF4B-00C04F79EFBC}") = "codeWarsVowelRemoval", "codeWarsVowelRemoval\codeWarsVowelRemoval.csproj", "{BF59A72C-8855-4F24-87F1-C9CB67A7DBFA}"
EndProject
Global
	GlobalSection(SolutionConfigurationPlatforms) = preSolution
		Debug|Any CPU = Debug|Any CPU
		Release|Any CPU = Release|Any CPU
	EndGlobalSection
	GlobalSection(ProjectConfigurationPlatforms) = postSolution
		{BF59A72C-8855-4F24-87F1-C9CB67A7DBFA}.Debug|Any CPU.ActiveCfg = Debug|Any CPU
		{BF59A72C-8855-4F24-87F1-C9CB67A7DBFA}.Debug|Any CPU.Build.0 = Debug|Any CPU
		{BF59A72C-8855-4F24-87F1-C9CB67A7DBFA}.Release|Any CPU.ActiveCfg = Release|Any CPU
		{BF59A72C-8855-4F24-87F1-C9CB67A7DBFA}.Release|Any CPU.Build.0 = Release|Any CPU
	EndGlobalSection
	GlobalSection(SolutionProperties) = preSolution
		HideSolutionNode = FALSE
	EndGlobalSection
	GlobalSection(ExtensibilityGlobals) = postSolution
		SolutionGuid = {F82239CE-4F41-4A2F-9038-05028F312675}
	EndGlobalSection
EndGlobal
