
Microsoft Visual Studio Solution File, Format Version 12.00
# Visual Studio Version 16
VisualStudioVersion = 16.0.29613.14
MinimumVisualStudioVersion = 10.0.40219.1
Project("{FAE04EC0-301F-11D3-BF4B-00C04F79EFBC}") = "codeWarsSum0toN", "codeWarsSum0toN\codeWarsSum0toN.csproj", "{0AE5BA93-F039-4160-AE9B-3B5D048992EB}"
EndProject
Global
	GlobalSection(SolutionConfigurationPlatforms) = preSolution
		Debug|Any CPU = Debug|Any CPU
		Release|Any CPU = Release|Any CPU
	EndGlobalSection
	GlobalSection(ProjectConfigurationPlatforms) = postSolution
		{0AE5BA93-F039-4160-AE9B-3B5D048992EB}.Debug|Any CPU.ActiveCfg = Debug|Any CPU
		{0AE5BA93-F039-4160-AE9B-3B5D048992EB}.Debug|Any CPU.Build.0 = Debug|Any CPU
		{0AE5BA93-F039-4160-AE9B-3B5D048992EB}.Release|Any CPU.ActiveCfg = Release|Any CPU
		{0AE5BA93-F039-4160-AE9B-3B5D048992EB}.Release|Any CPU.Build.0 = Release|Any CPU
	EndGlobalSection
	GlobalSection(SolutionProperties) = preSolution
		HideSolutionNode = FALSE
	EndGlobalSection
	GlobalSection(ExtensibilityGlobals) = postSolution
		SolutionGuid = {806134AD-E21D-4D28-82F8-0D118DDFE987}
	EndGlobalSection
EndGlobal
