
Microsoft Visual Studio Solution File, Format Version 12.00
# Visual Studio Version 16
VisualStudioVersion = 16.0.29613.14
MinimumVisualStudioVersion = 10.0.40219.1
Project("{FAE04EC0-301F-11D3-BF4B-00C04F79EFBC}") = "codeWarsShortestWord", "codeWarsShortestWord\codeWarsShortestWord.csproj", "{BA58C3BD-B90E-4939-AF51-0D58D301FBE8}"
EndProject
Global
	GlobalSection(SolutionConfigurationPlatforms) = preSolution
		Debug|Any CPU = Debug|Any CPU
		Release|Any CPU = Release|Any CPU
	EndGlobalSection
	GlobalSection(ProjectConfigurationPlatforms) = postSolution
		{BA58C3BD-B90E-4939-AF51-0D58D301FBE8}.Debug|Any CPU.ActiveCfg = Debug|Any CPU
		{BA58C3BD-B90E-4939-AF51-0D58D301FBE8}.Debug|Any CPU.Build.0 = Debug|Any CPU
		{BA58C3BD-B90E-4939-AF51-0D58D301FBE8}.Release|Any CPU.ActiveCfg = Release|Any CPU
		{BA58C3BD-B90E-4939-AF51-0D58D301FBE8}.Release|Any CPU.Build.0 = Release|Any CPU
	EndGlobalSection
	GlobalSection(SolutionProperties) = preSolution
		HideSolutionNode = FALSE
	EndGlobalSection
	GlobalSection(ExtensibilityGlobals) = postSolution
		SolutionGuid = {1E95AFBD-7B5C-4FE1-929E-38EC16023A43}
	EndGlobalSection
EndGlobal
