
Microsoft Visual Studio Solution File, Format Version 12.00
# Visual Studio Version 16
VisualStudioVersion = 16.0.29613.14
MinimumVisualStudioVersion = 10.0.40219.1
Project("{FAE04EC0-301F-11D3-BF4B-00C04F79EFBC}") = "Basileus", "Basileus\Basileus.csproj", "{BC7A8F36-F860-49EE-AFC1-0725356DB592}"
EndProject
Global
	GlobalSection(SolutionConfigurationPlatforms) = preSolution
		Debug|Any CPU = Debug|Any CPU
		Release|Any CPU = Release|Any CPU
	EndGlobalSection
	GlobalSection(ProjectConfigurationPlatforms) = postSolution
		{BC7A8F36-F860-49EE-AFC1-0725356DB592}.Debug|Any CPU.ActiveCfg = Debug|Any CPU
		{BC7A8F36-F860-49EE-AFC1-0725356DB592}.Debug|Any CPU.Build.0 = Debug|Any CPU
		{BC7A8F36-F860-49EE-AFC1-0725356DB592}.Release|Any CPU.ActiveCfg = Release|Any CPU
		{BC7A8F36-F860-49EE-AFC1-0725356DB592}.Release|Any CPU.Build.0 = Release|Any CPU
	EndGlobalSection
	GlobalSection(SolutionProperties) = preSolution
		HideSolutionNode = FALSE
	EndGlobalSection
	GlobalSection(ExtensibilityGlobals) = postSolution
		SolutionGuid = {658F2E9D-B131-4AE7-9EAD-D9A0E646C339}
	EndGlobalSection
EndGlobal
