
Microsoft Visual Studio Solution File, Format Version 12.00
# Visual Studio Version 16
VisualStudioVersion = 16.0.29613.14
MinimumVisualStudioVersion = 10.0.40219.1
Project("{FAE04EC0-301F-11D3-BF4B-00C04F79EFBC}") = "codeWarsMenFromBoys", "codeWarsMenFromBoys\codeWarsMenFromBoys.csproj", "{2139186D-E558-44F8-B069-6F4D2500C193}"
EndProject
Global
	GlobalSection(SolutionConfigurationPlatforms) = preSolution
		Debug|Any CPU = Debug|Any CPU
		Release|Any CPU = Release|Any CPU
	EndGlobalSection
	GlobalSection(ProjectConfigurationPlatforms) = postSolution
		{2139186D-E558-44F8-B069-6F4D2500C193}.Debug|Any CPU.ActiveCfg = Debug|Any CPU
		{2139186D-E558-44F8-B069-6F4D2500C193}.Debug|Any CPU.Build.0 = Debug|Any CPU
		{2139186D-E558-44F8-B069-6F4D2500C193}.Release|Any CPU.ActiveCfg = Release|Any CPU
		{2139186D-E558-44F8-B069-6F4D2500C193}.Release|Any CPU.Build.0 = Release|Any CPU
	EndGlobalSection
	GlobalSection(SolutionProperties) = preSolution
		HideSolutionNode = FALSE
	EndGlobalSection
	GlobalSection(ExtensibilityGlobals) = postSolution
		SolutionGuid = {2DB978D7-4185-46C9-8126-7EFEADCB675F}
	EndGlobalSection
EndGlobal
