
Microsoft Visual Studio Solution File, Format Version 12.00
# Visual Studio Version 16
VisualStudioVersion = 16.0.29613.14
MinimumVisualStudioVersion = 10.0.40219.1
Project("{FAE04EC0-301F-11D3-BF4B-00C04F79EFBC}") = "codeWarsSquare", "codeWarsSquare\codeWarsSquare.csproj", "{A928D6F9-9500-432A-8A1C-8F8DD3F4A362}"
EndProject
Global
	GlobalSection(SolutionConfigurationPlatforms) = preSolution
		Debug|Any CPU = Debug|Any CPU
		Release|Any CPU = Release|Any CPU
	EndGlobalSection
	GlobalSection(ProjectConfigurationPlatforms) = postSolution
		{A928D6F9-9500-432A-8A1C-8F8DD3F4A362}.Debug|Any CPU.ActiveCfg = Debug|Any CPU
		{A928D6F9-9500-432A-8A1C-8F8DD3F4A362}.Debug|Any CPU.Build.0 = Debug|Any CPU
		{A928D6F9-9500-432A-8A1C-8F8DD3F4A362}.Release|Any CPU.ActiveCfg = Release|Any CPU
		{A928D6F9-9500-432A-8A1C-8F8DD3F4A362}.Release|Any CPU.Build.0 = Release|Any CPU
	EndGlobalSection
	GlobalSection(SolutionProperties) = preSolution
		HideSolutionNode = FALSE
	EndGlobalSection
	GlobalSection(ExtensibilityGlobals) = postSolution
		SolutionGuid = {D995DD4C-876B-4F2D-9FCB-407C09326C70}
	EndGlobalSection
EndGlobal
