
Microsoft Visual Studio Solution File, Format Version 12.00
# Visual Studio Version 16
VisualStudioVersion = 16.0.29613.14
MinimumVisualStudioVersion = 10.0.40219.1
Project("{FAE04EC0-301F-11D3-BF4B-00C04F79EFBC}") = "codeWarsPrime", "codeWarsPrime\codeWarsPrime.csproj", "{1C9B0800-2C22-401C-87FD-E66A89E589BC}"
EndProject
Global
	GlobalSection(SolutionConfigurationPlatforms) = preSolution
		Debug|Any CPU = Debug|Any CPU
		Release|Any CPU = Release|Any CPU
	EndGlobalSection
	GlobalSection(ProjectConfigurationPlatforms) = postSolution
		{1C9B0800-2C22-401C-87FD-E66A89E589BC}.Debug|Any CPU.ActiveCfg = Debug|Any CPU
		{1C9B0800-2C22-401C-87FD-E66A89E589BC}.Debug|Any CPU.Build.0 = Debug|Any CPU
		{1C9B0800-2C22-401C-87FD-E66A89E589BC}.Release|Any CPU.ActiveCfg = Release|Any CPU
		{1C9B0800-2C22-401C-87FD-E66A89E589BC}.Release|Any CPU.Build.0 = Release|Any CPU
	EndGlobalSection
	GlobalSection(SolutionProperties) = preSolution
		HideSolutionNode = FALSE
	EndGlobalSection
	GlobalSection(ExtensibilityGlobals) = postSolution
		SolutionGuid = {C24515A0-DB55-47E1-8AFC-F5D89BCCC5D5}
	EndGlobalSection
EndGlobal
