
Microsoft Visual Studio Solution File, Format Version 12.00
# Visual Studio Version 16
VisualStudioVersion = 16.0.29509.3
MinimumVisualStudioVersion = 10.0.40219.1
Project("{FAE04EC0-301F-11D3-BF4B-00C04F79EFBC}") = "Discover", "Discover\Discover.csproj", "{E8147A1B-602B-4203-8570-345B75407259}"
EndProject
Global
	GlobalSection(SolutionConfigurationPlatforms) = preSolution
		Debug|Any CPU = Debug|Any CPU
		Release|Any CPU = Release|Any CPU
	EndGlobalSection
	GlobalSection(ProjectConfigurationPlatforms) = postSolution
		{E8147A1B-602B-4203-8570-345B75407259}.Debug|Any CPU.ActiveCfg = Debug|Any CPU
		{E8147A1B-602B-4203-8570-345B75407259}.Debug|Any CPU.Build.0 = Debug|Any CPU
		{E8147A1B-602B-4203-8570-345B75407259}.Release|Any CPU.ActiveCfg = Release|Any CPU
		{E8147A1B-602B-4203-8570-345B75407259}.Release|Any CPU.Build.0 = Release|Any CPU
	EndGlobalSection
	GlobalSection(SolutionProperties) = preSolution
		HideSolutionNode = FALSE
	EndGlobalSection
	GlobalSection(ExtensibilityGlobals) = postSolution
		SolutionGuid = {92812DD4-8078-4C22-89F8-1652D2741E56}
	EndGlobalSection
EndGlobal
