
Microsoft Visual Studio Solution File, Format Version 12.00
# Visual Studio Version 16
VisualStudioVersion = 16.0.29509.3
MinimumVisualStudioVersion = 10.0.40219.1
Project("{FAE04EC0-301F-11D3-BF4B-00C04F79EFBC}") = "HelloWorld", "HelloWorld\HelloWorld.csproj", "{1301BB68-77A7-4547-96FB-C17C559C725F}"
EndProject
Global
	GlobalSection(SolutionConfigurationPlatforms) = preSolution
		Debug|Any CPU = Debug|Any CPU
		Release|Any CPU = Release|Any CPU
	EndGlobalSection
	GlobalSection(ProjectConfigurationPlatforms) = postSolution
		{1301BB68-77A7-4547-96FB-C17C559C725F}.Debug|Any CPU.ActiveCfg = Debug|Any CPU
		{1301BB68-77A7-4547-96FB-C17C559C725F}.Debug|Any CPU.Build.0 = Debug|Any CPU
		{1301BB68-77A7-4547-96FB-C17C559C725F}.Release|Any CPU.ActiveCfg = Release|Any CPU
		{1301BB68-77A7-4547-96FB-C17C559C725F}.Release|Any CPU.Build.0 = Release|Any CPU
	EndGlobalSection
	GlobalSection(SolutionProperties) = preSolution
		HideSolutionNode = FALSE
	EndGlobalSection
	GlobalSection(ExtensibilityGlobals) = postSolution
		SolutionGuid = {574A8937-D58C-4678-BA10-FA7DA27F1BFD}
	EndGlobalSection
EndGlobal
