
Microsoft Visual Studio Solution File, Format Version 12.00
# Visual Studio Version 16
VisualStudioVersion = 16.0.29509.3
MinimumVisualStudioVersion = 10.0.40219.1
Project("{FAE04EC0-301F-11D3-BF4B-00C04F79EFBC}") = "diairesh", "diairesh\diairesh.csproj", "{EE0490E3-3FB4-4ECE-976F-6F13440AEC71}"
EndProject
Global
	GlobalSection(SolutionConfigurationPlatforms) = preSolution
		Debug|Any CPU = Debug|Any CPU
		Release|Any CPU = Release|Any CPU
	EndGlobalSection
	GlobalSection(ProjectConfigurationPlatforms) = postSolution
		{EE0490E3-3FB4-4ECE-976F-6F13440AEC71}.Debug|Any CPU.ActiveCfg = Debug|Any CPU
		{EE0490E3-3FB4-4ECE-976F-6F13440AEC71}.Debug|Any CPU.Build.0 = Debug|Any CPU
		{EE0490E3-3FB4-4ECE-976F-6F13440AEC71}.Release|Any CPU.ActiveCfg = Release|Any CPU
		{EE0490E3-3FB4-4ECE-976F-6F13440AEC71}.Release|Any CPU.Build.0 = Release|Any CPU
	EndGlobalSection
	GlobalSection(SolutionProperties) = preSolution
		HideSolutionNode = FALSE
	EndGlobalSection
	GlobalSection(ExtensibilityGlobals) = postSolution
		SolutionGuid = {3C6607D0-2C9D-445E-AF9A-25088DD4BAE9}
	EndGlobalSection
EndGlobal
