
Microsoft Visual Studio Solution File, Format Version 12.00
# Visual Studio Version 16
VisualStudioVersion = 16.0.29509.3
MinimumVisualStudioVersion = 10.0.40219.1
Project("{FAE04EC0-301F-11D3-BF4B-00C04F79EFBC}") = "onomateponimo", "onomateponimo\onomateponimo.csproj", "{5B84477F-5F4F-4D6F-A525-3DF1173C3DAF}"
EndProject
Global
	GlobalSection(SolutionConfigurationPlatforms) = preSolution
		Debug|Any CPU = Debug|Any CPU
		Release|Any CPU = Release|Any CPU
	EndGlobalSection
	GlobalSection(ProjectConfigurationPlatforms) = postSolution
		{5B84477F-5F4F-4D6F-A525-3DF1173C3DAF}.Debug|Any CPU.ActiveCfg = Debug|Any CPU
		{5B84477F-5F4F-4D6F-A525-3DF1173C3DAF}.Debug|Any CPU.Build.0 = Debug|Any CPU
		{5B84477F-5F4F-4D6F-A525-3DF1173C3DAF}.Release|Any CPU.ActiveCfg = Release|Any CPU
		{5B84477F-5F4F-4D6F-A525-3DF1173C3DAF}.Release|Any CPU.Build.0 = Release|Any CPU
	EndGlobalSection
	GlobalSection(SolutionProperties) = preSolution
		HideSolutionNode = FALSE
	EndGlobalSection
	GlobalSection(ExtensibilityGlobals) = postSolution
		SolutionGuid = {2CF7F210-CD16-4F4C-8E46-9FD9D8D7836F}
	EndGlobalSection
EndGlobal
