
Microsoft Visual Studio Solution File, Format Version 12.00
# Visual Studio Version 16
VisualStudioVersion = 16.0.29613.14
MinimumVisualStudioVersion = 10.0.40219.1
Project("{FAE04EC0-301F-11D3-BF4B-00C04F79EFBC}") = "testing", "testing\testing.csproj", "{B0A1EF71-86B2-42BA-BAF4-879647CCA342}"
EndProject
Global
	GlobalSection(SolutionConfigurationPlatforms) = preSolution
		Debug|Any CPU = Debug|Any CPU
		Release|Any CPU = Release|Any CPU
	EndGlobalSection
	GlobalSection(ProjectConfigurationPlatforms) = postSolution
		{B0A1EF71-86B2-42BA-BAF4-879647CCA342}.Debug|Any CPU.ActiveCfg = Debug|Any CPU
		{B0A1EF71-86B2-42BA-BAF4-879647CCA342}.Debug|Any CPU.Build.0 = Debug|Any CPU
		{B0A1EF71-86B2-42BA-BAF4-879647CCA342}.Release|Any CPU.ActiveCfg = Release|Any CPU
		{B0A1EF71-86B2-42BA-BAF4-879647CCA342}.Release|Any CPU.Build.0 = Release|Any CPU
	EndGlobalSection
	GlobalSection(SolutionProperties) = preSolution
		HideSolutionNode = FALSE
	EndGlobalSection
	GlobalSection(ExtensibilityGlobals) = postSolution
		SolutionGuid = {9E70AB8D-3F8C-4A22-907E-545598FB3A17}
	EndGlobalSection
EndGlobal
