
Microsoft Visual Studio Solution File, Format Version 12.00
# Visual Studio Version 16
VisualStudioVersion = 16.0.29613.14
MinimumVisualStudioVersion = 10.0.40219.1
Project("{FAE04EC0-301F-11D3-BF4B-00C04F79EFBC}") = "microsoftTutorial", "microsoftTutorial\microsoftTutorial.csproj", "{461B9B49-04E7-4B0F-A565-25873997E9A4}"
EndProject
Global
	GlobalSection(SolutionConfigurationPlatforms) = preSolution
		Debug|Any CPU = Debug|Any CPU
		Release|Any CPU = Release|Any CPU
	EndGlobalSection
	GlobalSection(ProjectConfigurationPlatforms) = postSolution
		{461B9B49-04E7-4B0F-A565-25873997E9A4}.Debug|Any CPU.ActiveCfg = Debug|Any CPU
		{461B9B49-04E7-4B0F-A565-25873997E9A4}.Debug|Any CPU.Build.0 = Debug|Any CPU
		{461B9B49-04E7-4B0F-A565-25873997E9A4}.Release|Any CPU.ActiveCfg = Release|Any CPU
		{461B9B49-04E7-4B0F-A565-25873997E9A4}.Release|Any CPU.Build.0 = Release|Any CPU
	EndGlobalSection
	GlobalSection(SolutionProperties) = preSolution
		HideSolutionNode = FALSE
	EndGlobalSection
	GlobalSection(ExtensibilityGlobals) = postSolution
		SolutionGuid = {35A7DB99-8FAC-45AF-9BF0-999C24A72F81}
	EndGlobalSection
EndGlobal
