
Microsoft Visual Studio Solution File, Format Version 12.00
# Visual Studio Version 16
VisualStudioVersion = 16.0.29509.3
MinimumVisualStudioVersion = 10.0.40219.1
Project("{FAE04EC0-301F-11D3-BF4B-00C04F79EFBC}") = "katiMeConsole", "katiMeConsole\katiMeConsole.csproj", "{8AEADDB9-BDFA-4390-9C5E-1F96915E2E22}"
EndProject
Global
	GlobalSection(SolutionConfigurationPlatforms) = preSolution
		Debug|Any CPU = Debug|Any CPU
		Release|Any CPU = Release|Any CPU
	EndGlobalSection
	GlobalSection(ProjectConfigurationPlatforms) = postSolution
		{8AEADDB9-BDFA-4390-9C5E-1F96915E2E22}.Debug|Any CPU.ActiveCfg = Debug|Any CPU
		{8AEADDB9-BDFA-4390-9C5E-1F96915E2E22}.Debug|Any CPU.Build.0 = Debug|Any CPU
		{8AEADDB9-BDFA-4390-9C5E-1F96915E2E22}.Release|Any CPU.ActiveCfg = Release|Any CPU
		{8AEADDB9-BDFA-4390-9C5E-1F96915E2E22}.Release|Any CPU.Build.0 = Release|Any CPU
	EndGlobalSection
	GlobalSection(SolutionProperties) = preSolution
		HideSolutionNode = FALSE
	EndGlobalSection
	GlobalSection(ExtensibilityGlobals) = postSolution
		SolutionGuid = {3B046DCB-1011-4D66-B54B-28A2F7104E63}
	EndGlobalSection
EndGlobal
