
Microsoft Visual Studio Solution File, Format Version 12.00
# Visual Studio Version 16
VisualStudioVersion = 16.0.29613.14
MinimumVisualStudioVersion = 10.0.40219.1
Project("{FAE04EC0-301F-11D3-BF4B-00C04F79EFBC}") = "codeWarsSumOfNumbers", "codeWarsSumOfNumbers\codeWarsSumOfNumbers.csproj", "{8F8FAD1D-76B1-4D9A-B6D8-DF6BB33864E4}"
EndProject
Global
	GlobalSection(SolutionConfigurationPlatforms) = preSolution
		Debug|Any CPU = Debug|Any CPU
		Release|Any CPU = Release|Any CPU
	EndGlobalSection
	GlobalSection(ProjectConfigurationPlatforms) = postSolution
		{8F8FAD1D-76B1-4D9A-B6D8-DF6BB33864E4}.Debug|Any CPU.ActiveCfg = Debug|Any CPU
		{8F8FAD1D-76B1-4D9A-B6D8-DF6BB33864E4}.Debug|Any CPU.Build.0 = Debug|Any CPU
		{8F8FAD1D-76B1-4D9A-B6D8-DF6BB33864E4}.Release|Any CPU.ActiveCfg = Release|Any CPU
		{8F8FAD1D-76B1-4D9A-B6D8-DF6BB33864E4}.Release|Any CPU.Build.0 = Release|Any CPU
	EndGlobalSection
	GlobalSection(SolutionProperties) = preSolution
		HideSolutionNode = FALSE
	EndGlobalSection
	GlobalSection(ExtensibilityGlobals) = postSolution
		SolutionGuid = {B52C2252-3ED2-4BD6-BBB8-C5B49167B0D0}
	EndGlobalSection
EndGlobal
