
Microsoft Visual Studio Solution File, Format Version 12.00
# Visual Studio Version 16
VisualStudioVersion = 16.0.29613.14
MinimumVisualStudioVersion = 10.0.40219.1
Project("{FAE04EC0-301F-11D3-BF4B-00C04F79EFBC}") = "codeWarsIsStringUpperCase", "codeWarsIsStringUpperCase\codeWarsIsStringUpperCase.csproj", "{566DB8F2-4B4F-4E5F-B4DA-2E1CAF281840}"
EndProject
Global
	GlobalSection(SolutionConfigurationPlatforms) = preSolution
		Debug|Any CPU = Debug|Any CPU
		Release|Any CPU = Release|Any CPU
	EndGlobalSection
	GlobalSection(ProjectConfigurationPlatforms) = postSolution
		{566DB8F2-4B4F-4E5F-B4DA-2E1CAF281840}.Debug|Any CPU.ActiveCfg = Debug|Any CPU
		{566DB8F2-4B4F-4E5F-B4DA-2E1CAF281840}.Debug|Any CPU.Build.0 = Debug|Any CPU
		{566DB8F2-4B4F-4E5F-B4DA-2E1CAF281840}.Release|Any CPU.ActiveCfg = Release|Any CPU
		{566DB8F2-4B4F-4E5F-B4DA-2E1CAF281840}.Release|Any CPU.Build.0 = Release|Any CPU
	EndGlobalSection
	GlobalSection(SolutionProperties) = preSolution
		HideSolutionNode = FALSE
	EndGlobalSection
	GlobalSection(ExtensibilityGlobals) = postSolution
		SolutionGuid = {CC78B935-11B3-4E2A-AAA0-D6EBE7A140EC}
	EndGlobalSection
EndGlobal
