
Microsoft Visual Studio Solution File, Format Version 12.00
# Visual Studio Version 16
VisualStudioVersion = 16.0.29509.3
MinimumVisualStudioVersion = 10.0.40219.1
Project("{FAE04EC0-301F-11D3-BF4B-00C04F79EFBC}") = "methodos", "methodos\methodos.csproj", "{596A42B4-9C37-40F9-988B-116A8D8C8D9F}"
EndProject
Global
	GlobalSection(SolutionConfigurationPlatforms) = preSolution
		Debug|Any CPU = Debug|Any CPU
		Release|Any CPU = Release|Any CPU
	EndGlobalSection
	GlobalSection(ProjectConfigurationPlatforms) = postSolution
		{596A42B4-9C37-40F9-988B-116A8D8C8D9F}.Debug|Any CPU.ActiveCfg = Debug|Any CPU
		{596A42B4-9C37-40F9-988B-116A8D8C8D9F}.Debug|Any CPU.Build.0 = Debug|Any CPU
		{596A42B4-9C37-40F9-988B-116A8D8C8D9F}.Release|Any CPU.ActiveCfg = Release|Any CPU
		{596A42B4-9C37-40F9-988B-116A8D8C8D9F}.Release|Any CPU.Build.0 = Release|Any CPU
	EndGlobalSection
	GlobalSection(SolutionProperties) = preSolution
		HideSolutionNode = FALSE
	EndGlobalSection
	GlobalSection(ExtensibilityGlobals) = postSolution
		SolutionGuid = {2DC2CA7C-5614-4014-869C-B996003DD493}
	EndGlobalSection
EndGlobal
