
Microsoft Visual Studio Solution File, Format Version 12.00
# Visual Studio Version 16
VisualStudioVersion = 16.0.29613.14
MinimumVisualStudioVersion = 10.0.40219.1
Project("{FAE04EC0-301F-11D3-BF4B-00C04F79EFBC}") = "codeWarsPickPeaks", "codeWarsPickPeaks\codeWarsPickPeaks.csproj", "{2B50073D-47BC-40C4-AE5D-8EA6A1643E12}"
EndProject
Global
	GlobalSection(SolutionConfigurationPlatforms) = preSolution
		Debug|Any CPU = Debug|Any CPU
		Release|Any CPU = Release|Any CPU
	EndGlobalSection
	GlobalSection(ProjectConfigurationPlatforms) = postSolution
		{2B50073D-47BC-40C4-AE5D-8EA6A1643E12}.Debug|Any CPU.ActiveCfg = Debug|Any CPU
		{2B50073D-47BC-40C4-AE5D-8EA6A1643E12}.Debug|Any CPU.Build.0 = Debug|Any CPU
		{2B50073D-47BC-40C4-AE5D-8EA6A1643E12}.Release|Any CPU.ActiveCfg = Release|Any CPU
		{2B50073D-47BC-40C4-AE5D-8EA6A1643E12}.Release|Any CPU.Build.0 = Release|Any CPU
	EndGlobalSection
	GlobalSection(SolutionProperties) = preSolution
		HideSolutionNode = FALSE
	EndGlobalSection
	GlobalSection(ExtensibilityGlobals) = postSolution
		SolutionGuid = {2BF5D003-2D19-42D2-B86B-7F1B3B722059}
	EndGlobalSection
EndGlobal
