
Microsoft Visual Studio Solution File, Format Version 12.00
# Visual Studio Version 16
VisualStudioVersion = 16.0.29613.14
MinimumVisualStudioVersion = 10.0.40219.1
Project("{FAE04EC0-301F-11D3-BF4B-00C04F79EFBC}") = "codeWarsDna", "codeWarsDna\codeWarsDna.csproj", "{A8F4066B-43C1-4579-BC5E-8BF2377040C4}"
EndProject
Global
	GlobalSection(SolutionConfigurationPlatforms) = preSolution
		Debug|Any CPU = Debug|Any CPU
		Release|Any CPU = Release|Any CPU
	EndGlobalSection
	GlobalSection(ProjectConfigurationPlatforms) = postSolution
		{A8F4066B-43C1-4579-BC5E-8BF2377040C4}.Debug|Any CPU.ActiveCfg = Debug|Any CPU
		{A8F4066B-43C1-4579-BC5E-8BF2377040C4}.Debug|Any CPU.Build.0 = Debug|Any CPU
		{A8F4066B-43C1-4579-BC5E-8BF2377040C4}.Release|Any CPU.ActiveCfg = Release|Any CPU
		{A8F4066B-43C1-4579-BC5E-8BF2377040C4}.Release|Any CPU.Build.0 = Release|Any CPU
	EndGlobalSection
	GlobalSection(SolutionProperties) = preSolution
		HideSolutionNode = FALSE
	EndGlobalSection
	GlobalSection(ExtensibilityGlobals) = postSolution
		SolutionGuid = {B4E4261F-4D94-4312-90BD-DB0E4B77195B}
	EndGlobalSection
EndGlobal
