
Microsoft Visual Studio Solution File, Format Version 12.00
# Visual Studio Version 16
VisualStudioVersion = 16.0.29509.3
MinimumVisualStudioVersion = 10.0.40219.1
Project("{FAE04EC0-301F-11D3-BF4B-00C04F79EFBC}") = "dek5Ask1", "dek5Ask1\dek5Ask1.csproj", "{16DC844A-9BBE-4C14-A3C5-9917324E26BA}"
EndProject
Global
	GlobalSection(SolutionConfigurationPlatforms) = preSolution
		Debug|Any CPU = Debug|Any CPU
		Release|Any CPU = Release|Any CPU
	EndGlobalSection
	GlobalSection(ProjectConfigurationPlatforms) = postSolution
		{16DC844A-9BBE-4C14-A3C5-9917324E26BA}.Debug|Any CPU.ActiveCfg = Debug|Any CPU
		{16DC844A-9BBE-4C14-A3C5-9917324E26BA}.Debug|Any CPU.Build.0 = Debug|Any CPU
		{16DC844A-9BBE-4C14-A3C5-9917324E26BA}.Release|Any CPU.ActiveCfg = Release|Any CPU
		{16DC844A-9BBE-4C14-A3C5-9917324E26BA}.Release|Any CPU.Build.0 = Release|Any CPU
	EndGlobalSection
	GlobalSection(SolutionProperties) = preSolution
		HideSolutionNode = FALSE
	EndGlobalSection
	GlobalSection(ExtensibilityGlobals) = postSolution
		SolutionGuid = {C65E9E36-A1B9-47E4-A40B-6B4188EF2024}
	EndGlobalSection
EndGlobal
