
Microsoft Visual Studio Solution File, Format Version 12.00
# Visual Studio Version 16
VisualStudioVersion = 16.0.29509.3
MinimumVisualStudioVersion = 10.0.40219.1
Project("{FAE04EC0-301F-11D3-BF4B-00C04F79EFBC}") = "4dekAsk4", "4dekAsk4\4dekAsk4.csproj", "{B05ACFCA-137F-4881-BE85-B7B94003E305}"
EndProject
Global
	GlobalSection(SolutionConfigurationPlatforms) = preSolution
		Debug|Any CPU = Debug|Any CPU
		Release|Any CPU = Release|Any CPU
	EndGlobalSection
	GlobalSection(ProjectConfigurationPlatforms) = postSolution
		{B05ACFCA-137F-4881-BE85-B7B94003E305}.Debug|Any CPU.ActiveCfg = Debug|Any CPU
		{B05ACFCA-137F-4881-BE85-B7B94003E305}.Debug|Any CPU.Build.0 = Debug|Any CPU
		{B05ACFCA-137F-4881-BE85-B7B94003E305}.Release|Any CPU.ActiveCfg = Release|Any CPU
		{B05ACFCA-137F-4881-BE85-B7B94003E305}.Release|Any CPU.Build.0 = Release|Any CPU
	EndGlobalSection
	GlobalSection(SolutionProperties) = preSolution
		HideSolutionNode = FALSE
	EndGlobalSection
	GlobalSection(ExtensibilityGlobals) = postSolution
		SolutionGuid = {4DDB7251-C737-441E-96CE-95B3ECCE7FAD}
	EndGlobalSection
EndGlobal
