
Microsoft Visual Studio Solution File, Format Version 12.00
# Visual Studio Version 16
VisualStudioVersion = 16.0.29613.14
MinimumVisualStudioVersion = 10.0.40219.1
Project("{FAE04EC0-301F-11D3-BF4B-00C04F79EFBC}") = "codeWarsReversedSequence", "codeWarsReversedSequence\codeWarsReversedSequence.csproj", "{35F2BFCC-328A-4600-B2F3-5000444FB11D}"
EndProject
Global
	GlobalSection(SolutionConfigurationPlatforms) = preSolution
		Debug|Any CPU = Debug|Any CPU
		Release|Any CPU = Release|Any CPU
	EndGlobalSection
	GlobalSection(ProjectConfigurationPlatforms) = postSolution
		{35F2BFCC-328A-4600-B2F3-5000444FB11D}.Debug|Any CPU.ActiveCfg = Debug|Any CPU
		{35F2BFCC-328A-4600-B2F3-5000444FB11D}.Debug|Any CPU.Build.0 = Debug|Any CPU
		{35F2BFCC-328A-4600-B2F3-5000444FB11D}.Release|Any CPU.ActiveCfg = Release|Any CPU
		{35F2BFCC-328A-4600-B2F3-5000444FB11D}.Release|Any CPU.Build.0 = Release|Any CPU
	EndGlobalSection
	GlobalSection(SolutionProperties) = preSolution
		HideSolutionNode = FALSE
	EndGlobalSection
	GlobalSection(ExtensibilityGlobals) = postSolution
		SolutionGuid = {5C2E6212-2A04-44F9-8918-64E50D8E7CC3}
	EndGlobalSection
EndGlobal
