
Microsoft Visual Studio Solution File, Format Version 12.00
# Visual Studio Version 16
VisualStudioVersion = 16.0.29613.14
MinimumVisualStudioVersion = 10.0.40219.1
Project("{FAE04EC0-301F-11D3-BF4B-00C04F79EFBC}") = "codeWarsTwoFighters", "codeWarsTwoFighters\codeWarsTwoFighters.csproj", "{04C95C5B-2160-46F8-BA96-C9866FFF52F4}"
EndProject
Global
	GlobalSection(SolutionConfigurationPlatforms) = preSolution
		Debug|Any CPU = Debug|Any CPU
		Release|Any CPU = Release|Any CPU
	EndGlobalSection
	GlobalSection(ProjectConfigurationPlatforms) = postSolution
		{04C95C5B-2160-46F8-BA96-C9866FFF52F4}.Debug|Any CPU.ActiveCfg = Debug|Any CPU
		{04C95C5B-2160-46F8-BA96-C9866FFF52F4}.Debug|Any CPU.Build.0 = Debug|Any CPU
		{04C95C5B-2160-46F8-BA96-C9866FFF52F4}.Release|Any CPU.ActiveCfg = Release|Any CPU
		{04C95C5B-2160-46F8-BA96-C9866FFF52F4}.Release|Any CPU.Build.0 = Release|Any CPU
	EndGlobalSection
	GlobalSection(SolutionProperties) = preSolution
		HideSolutionNode = FALSE
	EndGlobalSection
	GlobalSection(ExtensibilityGlobals) = postSolution
		SolutionGuid = {1827270F-5C8D-421F-B409-8F1117A00DCB}
	EndGlobalSection
EndGlobal
