
Microsoft Visual Studio Solution File, Format Version 12.00
# Visual Studio Version 16
VisualStudioVersion = 16.0.29613.14
MinimumVisualStudioVersion = 10.0.40219.1
Project("{FAE04EC0-301F-11D3-BF4B-00C04F79EFBC}") = "codeWarsClock", "codeWarsClock\codeWarsClock.csproj", "{887F4955-4D9B-4027-A817-54F032685332}"
EndProject
Global
	GlobalSection(SolutionConfigurationPlatforms) = preSolution
		Debug|Any CPU = Debug|Any CPU
		Release|Any CPU = Release|Any CPU
	EndGlobalSection
	GlobalSection(ProjectConfigurationPlatforms) = postSolution
		{887F4955-4D9B-4027-A817-54F032685332}.Debug|Any CPU.ActiveCfg = Debug|Any CPU
		{887F4955-4D9B-4027-A817-54F032685332}.Debug|Any CPU.Build.0 = Debug|Any CPU
		{887F4955-4D9B-4027-A817-54F032685332}.Release|Any CPU.ActiveCfg = Release|Any CPU
		{887F4955-4D9B-4027-A817-54F032685332}.Release|Any CPU.Build.0 = Release|Any CPU
	EndGlobalSection
	GlobalSection(SolutionProperties) = preSolution
		HideSolutionNode = FALSE
	EndGlobalSection
	GlobalSection(ExtensibilityGlobals) = postSolution
		SolutionGuid = {EA339100-55D6-4D1F-A5E7-6CDB2706D721}
	EndGlobalSection
EndGlobal
