
Microsoft Visual Studio Solution File, Format Version 12.00
# Visual Studio Version 16
VisualStudioVersion = 16.0.29509.3
MinimumVisualStudioVersion = 10.0.40219.1
Project("{FAE04EC0-301F-11D3-BF4B-00C04F79EFBC}") = "forPrwtaTeleutaia", "forPrwtaTeleutaia\forPrwtaTeleutaia.csproj", "{73F261C7-F91F-44D6-961D-89556EFEBA87}"
EndProject
Global
	GlobalSection(SolutionConfigurationPlatforms) = preSolution
		Debug|Any CPU = Debug|Any CPU
		Release|Any CPU = Release|Any CPU
	EndGlobalSection
	GlobalSection(ProjectConfigurationPlatforms) = postSolution
		{73F261C7-F91F-44D6-961D-89556EFEBA87}.Debug|Any CPU.ActiveCfg = Debug|Any CPU
		{73F261C7-F91F-44D6-961D-89556EFEBA87}.Debug|Any CPU.Build.0 = Debug|Any CPU
		{73F261C7-F91F-44D6-961D-89556EFEBA87}.Release|Any CPU.ActiveCfg = Release|Any CPU
		{73F261C7-F91F-44D6-961D-89556EFEBA87}.Release|Any CPU.Build.0 = Release|Any CPU
	EndGlobalSection
	GlobalSection(SolutionProperties) = preSolution
		HideSolutionNode = FALSE
	EndGlobalSection
	GlobalSection(ExtensibilityGlobals) = postSolution
		SolutionGuid = {6B974ADD-D04E-4B37-AD3D-B4005611F775}
	EndGlobalSection
EndGlobal
