
Microsoft Visual Studio Solution File, Format Version 12.00
# Visual Studio Version 16
VisualStudioVersion = 16.0.29613.14
MinimumVisualStudioVersion = 10.0.40219.1
Project("{FAE04EC0-301F-11D3-BF4B-00C04F79EFBC}") = "codeWarsSquareEveryDigit", "codeWarsSquareEveryDigit\codeWarsSquareEveryDigit.csproj", "{A76E8D55-CF28-4D2A-B998-064CA311644C}"
EndProject
Global
	GlobalSection(SolutionConfigurationPlatforms) = preSolution
		Debug|Any CPU = Debug|Any CPU
		Release|Any CPU = Release|Any CPU
	EndGlobalSection
	GlobalSection(ProjectConfigurationPlatforms) = postSolution
		{A76E8D55-CF28-4D2A-B998-064CA311644C}.Debug|Any CPU.ActiveCfg = Debug|Any CPU
		{A76E8D55-CF28-4D2A-B998-064CA311644C}.Debug|Any CPU.Build.0 = Debug|Any CPU
		{A76E8D55-CF28-4D2A-B998-064CA311644C}.Release|Any CPU.ActiveCfg = Release|Any CPU
		{A76E8D55-CF28-4D2A-B998-064CA311644C}.Release|Any CPU.Build.0 = Release|Any CPU
	EndGlobalSection
	GlobalSection(SolutionProperties) = preSolution
		HideSolutionNode = FALSE
	EndGlobalSection
	GlobalSection(ExtensibilityGlobals) = postSolution
		SolutionGuid = {96BFFC28-7ABD-4DEE-9718-ECD00BCDBBC6}
	EndGlobalSection
EndGlobal
