
Microsoft Visual Studio Solution File, Format Version 12.00
# Visual Studio Version 16
VisualStudioVersion = 16.0.29613.14
MinimumVisualStudioVersion = 10.0.40219.1
Project("{FAE04EC0-301F-11D3-BF4B-00C04F79EFBC}") = "codeWarsDivisables", "codeWarsDivisables\codeWarsDivisables.csproj", "{BD83E729-7A37-4FF1-8F1C-BD6AADA48F9B}"
EndProject
Global
	GlobalSection(SolutionConfigurationPlatforms) = preSolution
		Debug|Any CPU = Debug|Any CPU
		Release|Any CPU = Release|Any CPU
	EndGlobalSection
	GlobalSection(ProjectConfigurationPlatforms) = postSolution
		{BD83E729-7A37-4FF1-8F1C-BD6AADA48F9B}.Debug|Any CPU.ActiveCfg = Debug|Any CPU
		{BD83E729-7A37-4FF1-8F1C-BD6AADA48F9B}.Debug|Any CPU.Build.0 = Debug|Any CPU
		{BD83E729-7A37-4FF1-8F1C-BD6AADA48F9B}.Release|Any CPU.ActiveCfg = Release|Any CPU
		{BD83E729-7A37-4FF1-8F1C-BD6AADA48F9B}.Release|Any CPU.Build.0 = Release|Any CPU
	EndGlobalSection
	GlobalSection(SolutionProperties) = preSolution
		HideSolutionNode = FALSE
	EndGlobalSection
	GlobalSection(ExtensibilityGlobals) = postSolution
		SolutionGuid = {1E75BCC3-017D-46ED-A711-EFC1F657D8B9}
	EndGlobalSection
EndGlobal
