
Microsoft Visual Studio Solution File, Format Version 12.00
# Visual Studio Version 16
VisualStudioVersion = 16.0.29509.3
MinimumVisualStudioVersion = 10.0.40219.1
Project("{FAE04EC0-301F-11D3-BF4B-00C04F79EFBC}") = "megaluterhLeksh", "megaluterhLeksh\megaluterhLeksh.csproj", "{44883F21-E08C-45F4-97B1-2E801F4E0D41}"
EndProject
Global
	GlobalSection(SolutionConfigurationPlatforms) = preSolution
		Debug|Any CPU = Debug|Any CPU
		Release|Any CPU = Release|Any CPU
	EndGlobalSection
	GlobalSection(ProjectConfigurationPlatforms) = postSolution
		{44883F21-E08C-45F4-97B1-2E801F4E0D41}.Debug|Any CPU.ActiveCfg = Debug|Any CPU
		{44883F21-E08C-45F4-97B1-2E801F4E0D41}.Debug|Any CPU.Build.0 = Debug|Any CPU
		{44883F21-E08C-45F4-97B1-2E801F4E0D41}.Release|Any CPU.ActiveCfg = Release|Any CPU
		{44883F21-E08C-45F4-97B1-2E801F4E0D41}.Release|Any CPU.Build.0 = Release|Any CPU
	EndGlobalSection
	GlobalSection(SolutionProperties) = preSolution
		HideSolutionNode = FALSE
	EndGlobalSection
	GlobalSection(ExtensibilityGlobals) = postSolution
		SolutionGuid = {563D6B3A-C822-4B9B-96FE-96B01B1E987E}
	EndGlobalSection
EndGlobal
