
Microsoft Visual Studio Solution File, Format Version 12.00
# Visual Studio Version 16
VisualStudioVersion = 16.0.29613.14
MinimumVisualStudioVersion = 10.0.40219.1
Project("{FAE04EC0-301F-11D3-BF4B-00C04F79EFBC}") = "codeWarsDisarium", "codeWarsDisarium\codeWarsDisarium.csproj", "{FF5E46C6-E13A-4908-B958-66C9387A7025}"
EndProject
Global
	GlobalSection(SolutionConfigurationPlatforms) = preSolution
		Debug|Any CPU = Debug|Any CPU
		Release|Any CPU = Release|Any CPU
	EndGlobalSection
	GlobalSection(ProjectConfigurationPlatforms) = postSolution
		{FF5E46C6-E13A-4908-B958-66C9387A7025}.Debug|Any CPU.ActiveCfg = Debug|Any CPU
		{FF5E46C6-E13A-4908-B958-66C9387A7025}.Debug|Any CPU.Build.0 = Debug|Any CPU
		{FF5E46C6-E13A-4908-B958-66C9387A7025}.Release|Any CPU.ActiveCfg = Release|Any CPU
		{FF5E46C6-E13A-4908-B958-66C9387A7025}.Release|Any CPU.Build.0 = Release|Any CPU
	EndGlobalSection
	GlobalSection(SolutionProperties) = preSolution
		HideSolutionNode = FALSE
	EndGlobalSection
	GlobalSection(ExtensibilityGlobals) = postSolution
		SolutionGuid = {C628A3B3-7FC6-495A-BAEE-4ADF133D2AA3}
	EndGlobalSection
EndGlobal
