
Microsoft Visual Studio Solution File, Format Version 12.00
# Visual Studio Version 16
VisualStudioVersion = 16.0.29613.14
MinimumVisualStudioVersion = 10.0.40219.1
Project("{FAE04EC0-301F-11D3-BF4B-00C04F79EFBC}") = "codeWarsAlphabeticalAddition", "codeWarsAlphabeticalAddition\codeWarsAlphabeticalAddition.csproj", "{6977740B-99F2-47B8-AD57-D4C9ABE1E3D6}"
EndProject
Global
	GlobalSection(SolutionConfigurationPlatforms) = preSolution
		Debug|Any CPU = Debug|Any CPU
		Release|Any CPU = Release|Any CPU
	EndGlobalSection
	GlobalSection(ProjectConfigurationPlatforms) = postSolution
		{6977740B-99F2-47B8-AD57-D4C9ABE1E3D6}.Debug|Any CPU.ActiveCfg = Debug|Any CPU
		{6977740B-99F2-47B8-AD57-D4C9ABE1E3D6}.Debug|Any CPU.Build.0 = Debug|Any CPU
		{6977740B-99F2-47B8-AD57-D4C9ABE1E3D6}.Release|Any CPU.ActiveCfg = Release|Any CPU
		{6977740B-99F2-47B8-AD57-D4C9ABE1E3D6}.Release|Any CPU.Build.0 = Release|Any CPU
	EndGlobalSection
	GlobalSection(SolutionProperties) = preSolution
		HideSolutionNode = FALSE
	EndGlobalSection
	GlobalSection(ExtensibilityGlobals) = postSolution
		SolutionGuid = {6089DED6-F959-4B35-ADEB-BA90366CD3D8}
	EndGlobalSection
EndGlobal
