
Microsoft Visual Studio Solution File, Format Version 12.00
# Visual Studio Version 16
VisualStudioVersion = 16.0.29613.14
MinimumVisualStudioVersion = 10.0.40219.1
Project("{FAE04EC0-301F-11D3-BF4B-00C04F79EFBC}") = "codeWarsVowelCount", "codeWarsVowelCount\codeWarsVowelCount.csproj", "{90EFAA7C-0150-4E8B-A011-8E74A6832176}"
EndProject
Global
	GlobalSection(SolutionConfigurationPlatforms) = preSolution
		Debug|Any CPU = Debug|Any CPU
		Release|Any CPU = Release|Any CPU
	EndGlobalSection
	GlobalSection(ProjectConfigurationPlatforms) = postSolution
		{90EFAA7C-0150-4E8B-A011-8E74A6832176}.Debug|Any CPU.ActiveCfg = Debug|Any CPU
		{90EFAA7C-0150-4E8B-A011-8E74A6832176}.Debug|Any CPU.Build.0 = Debug|Any CPU
		{90EFAA7C-0150-4E8B-A011-8E74A6832176}.Release|Any CPU.ActiveCfg = Release|Any CPU
		{90EFAA7C-0150-4E8B-A011-8E74A6832176}.Release|Any CPU.Build.0 = Release|Any CPU
	EndGlobalSection
	GlobalSection(SolutionProperties) = preSolution
		HideSolutionNode = FALSE
	EndGlobalSection
	GlobalSection(ExtensibilityGlobals) = postSolution
		SolutionGuid = {94BC0B15-E304-4AA4-BE45-24B1D524033D}
	EndGlobalSection
EndGlobal
