
Microsoft Visual Studio Solution File, Format Version 12.00
# Visual Studio Version 16
VisualStudioVersion = 16.0.29509.3
MinimumVisualStudioVersion = 10.0.40219.1
Project("{FAE04EC0-301F-11D3-BF4B-00C04F79EFBC}") = "arrayParadeigma", "arrayParadeigma\arrayParadeigma.csproj", "{88B77A15-D130-4EE0-8CA4-E39C7EE42AC8}"
EndProject
Global
	GlobalSection(SolutionConfigurationPlatforms) = preSolution
		Debug|Any CPU = Debug|Any CPU
		Release|Any CPU = Release|Any CPU
	EndGlobalSection
	GlobalSection(ProjectConfigurationPlatforms) = postSolution
		{88B77A15-D130-4EE0-8CA4-E39C7EE42AC8}.Debug|Any CPU.ActiveCfg = Debug|Any CPU
		{88B77A15-D130-4EE0-8CA4-E39C7EE42AC8}.Debug|Any CPU.Build.0 = Debug|Any CPU
		{88B77A15-D130-4EE0-8CA4-E39C7EE42AC8}.Release|Any CPU.ActiveCfg = Release|Any CPU
		{88B77A15-D130-4EE0-8CA4-E39C7EE42AC8}.Release|Any CPU.Build.0 = Release|Any CPU
	EndGlobalSection
	GlobalSection(SolutionProperties) = preSolution
		HideSolutionNode = FALSE
	EndGlobalSection
	GlobalSection(ExtensibilityGlobals) = postSolution
		SolutionGuid = {EEA097CC-1B68-4F73-8325-C2D0773B192D}
	EndGlobalSection
EndGlobal
