
Microsoft Visual Studio Solution File, Format Version 12.00
# Visual Studio Version 16
VisualStudioVersion = 16.0.29613.14
MinimumVisualStudioVersion = 10.0.40219.1
Project("{FAE04EC0-301F-11D3-BF4B-00C04F79EFBC}") = "codeWarsDrawStairs", "codeWarsDrawStairs\codeWarsDrawStairs.csproj", "{21E0E40A-3E6C-407A-91D6-479D5D3E3CFE}"
EndProject
Global
	GlobalSection(SolutionConfigurationPlatforms) = preSolution
		Debug|Any CPU = Debug|Any CPU
		Release|Any CPU = Release|Any CPU
	EndGlobalSection
	GlobalSection(ProjectConfigurationPlatforms) = postSolution
		{21E0E40A-3E6C-407A-91D6-479D5D3E3CFE}.Debug|Any CPU.ActiveCfg = Debug|Any CPU
		{21E0E40A-3E6C-407A-91D6-479D5D3E3CFE}.Debug|Any CPU.Build.0 = Debug|Any CPU
		{21E0E40A-3E6C-407A-91D6-479D5D3E3CFE}.Release|Any CPU.ActiveCfg = Release|Any CPU
		{21E0E40A-3E6C-407A-91D6-479D5D3E3CFE}.Release|Any CPU.Build.0 = Release|Any CPU
	EndGlobalSection
	GlobalSection(SolutionProperties) = preSolution
		HideSolutionNode = FALSE
	EndGlobalSection
	GlobalSection(ExtensibilityGlobals) = postSolution
		SolutionGuid = {40E114B0-4EA1-4F84-834D-3C571CC89D2A}
	EndGlobalSection
EndGlobal
