
Microsoft Visual Studio Solution File, Format Version 12.00
# Visual Studio Version 16
VisualStudioVersion = 16.0.29613.14
MinimumVisualStudioVersion = 10.0.40219.1
Project("{FAE04EC0-301F-11D3-BF4B-00C04F79EFBC}") = "dictionaryMathima", "dictionaryMathima\dictionaryMathima.csproj", "{C877F1EB-EC5C-4C81-A36C-BA2758CE02D2}"
EndProject
Global
	GlobalSection(SolutionConfigurationPlatforms) = preSolution
		Debug|Any CPU = Debug|Any CPU
		Release|Any CPU = Release|Any CPU
	EndGlobalSection
	GlobalSection(ProjectConfigurationPlatforms) = postSolution
		{C877F1EB-EC5C-4C81-A36C-BA2758CE02D2}.Debug|Any CPU.ActiveCfg = Debug|Any CPU
		{C877F1EB-EC5C-4C81-A36C-BA2758CE02D2}.Debug|Any CPU.Build.0 = Debug|Any CPU
		{C877F1EB-EC5C-4C81-A36C-BA2758CE02D2}.Release|Any CPU.ActiveCfg = Release|Any CPU
		{C877F1EB-EC5C-4C81-A36C-BA2758CE02D2}.Release|Any CPU.Build.0 = Release|Any CPU
	EndGlobalSection
	GlobalSection(SolutionProperties) = preSolution
		HideSolutionNode = FALSE
	EndGlobalSection
	GlobalSection(ExtensibilityGlobals) = postSolution
		SolutionGuid = {43DEBD27-8EA2-4C17-93DF-95D788F0CBC2}
	EndGlobalSection
EndGlobal
