
Microsoft Visual Studio Solution File, Format Version 12.00
# Visual Studio Version 16
VisualStudioVersion = 16.0.29613.14
MinimumVisualStudioVersion = 10.0.40219.1
Project("{FAE04EC0-301F-11D3-BF4B-00C04F79EFBC}") = "panini", "panini\panini.csproj", "{061AEEB8-197D-4752-9451-494E223BF0DF}"
EndProject
Global
	GlobalSection(SolutionConfigurationPlatforms) = preSolution
		Debug|Any CPU = Debug|Any CPU
		Release|Any CPU = Release|Any CPU
	EndGlobalSection
	GlobalSection(ProjectConfigurationPlatforms) = postSolution
		{061AEEB8-197D-4752-9451-494E223BF0DF}.Debug|Any CPU.ActiveCfg = Debug|Any CPU
		{061AEEB8-197D-4752-9451-494E223BF0DF}.Debug|Any CPU.Build.0 = Debug|Any CPU
		{061AEEB8-197D-4752-9451-494E223BF0DF}.Release|Any CPU.ActiveCfg = Release|Any CPU
		{061AEEB8-197D-4752-9451-494E223BF0DF}.Release|Any CPU.Build.0 = Release|Any CPU
	EndGlobalSection
	GlobalSection(SolutionProperties) = preSolution
		HideSolutionNode = FALSE
	EndGlobalSection
	GlobalSection(ExtensibilityGlobals) = postSolution
		SolutionGuid = {12A3F57E-4CFC-4218-9202-DD01F259F0E8}
	EndGlobalSection
EndGlobal
