
Microsoft Visual Studio Solution File, Format Version 12.00
# Visual Studio Version 16
VisualStudioVersion = 16.0.29509.3
MinimumVisualStudioVersion = 10.0.40219.1
Project("{FAE04EC0-301F-11D3-BF4B-00C04F79EFBC}") = "icecreamShop", "icecreamShop\icecreamShop.csproj", "{83EA72DD-5AA7-4BB0-BE06-0AC8AB65E9BB}"
EndProject
Global
	GlobalSection(SolutionConfigurationPlatforms) = preSolution
		Debug|Any CPU = Debug|Any CPU
		Release|Any CPU = Release|Any CPU
	EndGlobalSection
	GlobalSection(ProjectConfigurationPlatforms) = postSolution
		{83EA72DD-5AA7-4BB0-BE06-0AC8AB65E9BB}.Debug|Any CPU.ActiveCfg = Debug|Any CPU
		{83EA72DD-5AA7-4BB0-BE06-0AC8AB65E9BB}.Debug|Any CPU.Build.0 = Debug|Any CPU
		{83EA72DD-5AA7-4BB0-BE06-0AC8AB65E9BB}.Release|Any CPU.ActiveCfg = Release|Any CPU
		{83EA72DD-5AA7-4BB0-BE06-0AC8AB65E9BB}.Release|Any CPU.Build.0 = Release|Any CPU
	EndGlobalSection
	GlobalSection(SolutionProperties) = preSolution
		HideSolutionNode = FALSE
	EndGlobalSection
	GlobalSection(ExtensibilityGlobals) = postSolution
		SolutionGuid = {92EDA583-F175-4F6E-9A17-B0E206AD116E}
	EndGlobalSection
EndGlobal
