
Microsoft Visual Studio Solution File, Format Version 12.00
# Visual Studio Version 16
VisualStudioVersion = 16.0.29613.14
MinimumVisualStudioVersion = 10.0.40219.1
Project("{FAE04EC0-301F-11D3-BF4B-00C04F79EFBC}") = "codeWarsCountDivisors", "codeWarsCountDivisors\codeWarsCountDivisors.csproj", "{89D85AAC-1884-4FC6-A700-099BC963668B}"
EndProject
Global
	GlobalSection(SolutionConfigurationPlatforms) = preSolution
		Debug|Any CPU = Debug|Any CPU
		Release|Any CPU = Release|Any CPU
	EndGlobalSection
	GlobalSection(ProjectConfigurationPlatforms) = postSolution
		{89D85AAC-1884-4FC6-A700-099BC963668B}.Debug|Any CPU.ActiveCfg = Debug|Any CPU
		{89D85AAC-1884-4FC6-A700-099BC963668B}.Debug|Any CPU.Build.0 = Debug|Any CPU
		{89D85AAC-1884-4FC6-A700-099BC963668B}.Release|Any CPU.ActiveCfg = Release|Any CPU
		{89D85AAC-1884-4FC6-A700-099BC963668B}.Release|Any CPU.Build.0 = Release|Any CPU
	EndGlobalSection
	GlobalSection(SolutionProperties) = preSolution
		HideSolutionNode = FALSE
	EndGlobalSection
	GlobalSection(ExtensibilityGlobals) = postSolution
		SolutionGuid = {D1413711-1954-47A0-87DD-132CEE396EE0}
	EndGlobalSection
EndGlobal
