
Microsoft Visual Studio Solution File, Format Version 12.00
# Visual Studio Version 16
VisualStudioVersion = 16.0.29509.3
MinimumVisualStudioVersion = 10.0.40219.1
Project("{FAE04EC0-301F-11D3-BF4B-00C04F79EFBC}") = "projectFoitites", "projectFoitites\projectFoitites.csproj", "{425FD897-E239-4760-8B4B-DFC81B919FC3}"
EndProject
Global
	GlobalSection(SolutionConfigurationPlatforms) = preSolution
		Debug|Any CPU = Debug|Any CPU
		Release|Any CPU = Release|Any CPU
	EndGlobalSection
	GlobalSection(ProjectConfigurationPlatforms) = postSolution
		{425FD897-E239-4760-8B4B-DFC81B919FC3}.Debug|Any CPU.ActiveCfg = Debug|Any CPU
		{425FD897-E239-4760-8B4B-DFC81B919FC3}.Debug|Any CPU.Build.0 = Debug|Any CPU
		{425FD897-E239-4760-8B4B-DFC81B919FC3}.Release|Any CPU.ActiveCfg = Release|Any CPU
		{425FD897-E239-4760-8B4B-DFC81B919FC3}.Release|Any CPU.Build.0 = Release|Any CPU
	EndGlobalSection
	GlobalSection(SolutionProperties) = preSolution
		HideSolutionNode = FALSE
	EndGlobalSection
	GlobalSection(ExtensibilityGlobals) = postSolution
		SolutionGuid = {0C0D75B2-6B3B-4186-ABF7-42AE0139EA6F}
	EndGlobalSection
EndGlobal
