
Microsoft Visual Studio Solution File, Format Version 12.00
# Visual Studio Version 16
VisualStudioVersion = 16.0.29509.3
MinimumVisualStudioVersion = 10.0.40219.1
Project("{FAE04EC0-301F-11D3-BF4B-00C04F79EFBC}") = "5dekAsk6", "5dekAsk6\5dekAsk6.csproj", "{91F96254-7E49-4D06-AA36-DA9C56D6D630}"
EndProject
Global
	GlobalSection(SolutionConfigurationPlatforms) = preSolution
		Debug|Any CPU = Debug|Any CPU
		Release|Any CPU = Release|Any CPU
	EndGlobalSection
	GlobalSection(ProjectConfigurationPlatforms) = postSolution
		{91F96254-7E49-4D06-AA36-DA9C56D6D630}.Debug|Any CPU.ActiveCfg = Debug|Any CPU
		{91F96254-7E49-4D06-AA36-DA9C56D6D630}.Debug|Any CPU.Build.0 = Debug|Any CPU
		{91F96254-7E49-4D06-AA36-DA9C56D6D630}.Release|Any CPU.ActiveCfg = Release|Any CPU
		{91F96254-7E49-4D06-AA36-DA9C56D6D630}.Release|Any CPU.Build.0 = Release|Any CPU
	EndGlobalSection
	GlobalSection(SolutionProperties) = preSolution
		HideSolutionNode = FALSE
	EndGlobalSection
	GlobalSection(ExtensibilityGlobals) = postSolution
		SolutionGuid = {166E7E96-0041-42CC-9822-140BE92E0411}
	EndGlobalSection
EndGlobal
