
Microsoft Visual Studio Solution File, Format Version 12.00
# Visual Studio Version 16
VisualStudioVersion = 16.0.29509.3
MinimumVisualStudioVersion = 10.0.40219.1
Project("{FAE04EC0-301F-11D3-BF4B-00C04F79EFBC}") = "projectRoleplay", "projectRoleplay\projectRoleplay.csproj", "{51C0C5AF-1916-45A1-9B45-CBCBFD5A1136}"
EndProject
Global
	GlobalSection(SolutionConfigurationPlatforms) = preSolution
		Debug|Any CPU = Debug|Any CPU
		Release|Any CPU = Release|Any CPU
	EndGlobalSection
	GlobalSection(ProjectConfigurationPlatforms) = postSolution
		{51C0C5AF-1916-45A1-9B45-CBCBFD5A1136}.Debug|Any CPU.ActiveCfg = Debug|Any CPU
		{51C0C5AF-1916-45A1-9B45-CBCBFD5A1136}.Debug|Any CPU.Build.0 = Debug|Any CPU
		{51C0C5AF-1916-45A1-9B45-CBCBFD5A1136}.Release|Any CPU.ActiveCfg = Release|Any CPU
		{51C0C5AF-1916-45A1-9B45-CBCBFD5A1136}.Release|Any CPU.Build.0 = Release|Any CPU
	EndGlobalSection
	GlobalSection(SolutionProperties) = preSolution
		HideSolutionNode = FALSE
	EndGlobalSection
	GlobalSection(ExtensibilityGlobals) = postSolution
		SolutionGuid = {DCFB1372-0DCE-4ABC-9BB6-15058A2C9CB9}
	EndGlobalSection
EndGlobal
