
Microsoft Visual Studio Solution File, Format Version 12.00
# Visual Studio Version 16
VisualStudioVersion = 16.0.29509.3
MinimumVisualStudioVersion = 10.0.40219.1
Project("{FAE04EC0-301F-11D3-BF4B-00C04F79EFBC}") = "chessMasterMeMonosdiastato", "chessMasterMeMonosdiastato\chessMasterMeMonosdiastato.csproj", "{B0F747DE-B02A-436A-B816-C15C29602B73}"
EndProject
Global
	GlobalSection(SolutionConfigurationPlatforms) = preSolution
		Debug|Any CPU = Debug|Any CPU
		Release|Any CPU = Release|Any CPU
	EndGlobalSection
	GlobalSection(ProjectConfigurationPlatforms) = postSolution
		{B0F747DE-B02A-436A-B816-C15C29602B73}.Debug|Any CPU.ActiveCfg = Debug|Any CPU
		{B0F747DE-B02A-436A-B816-C15C29602B73}.Debug|Any CPU.Build.0 = Debug|Any CPU
		{B0F747DE-B02A-436A-B816-C15C29602B73}.Release|Any CPU.ActiveCfg = Release|Any CPU
		{B0F747DE-B02A-436A-B816-C15C29602B73}.Release|Any CPU.Build.0 = Release|Any CPU
	EndGlobalSection
	GlobalSection(SolutionProperties) = preSolution
		HideSolutionNode = FALSE
	EndGlobalSection
	GlobalSection(ExtensibilityGlobals) = postSolution
		SolutionGuid = {328A1635-01A2-4F86-9A9A-A53A6B16F707}
	EndGlobalSection
EndGlobal
