
Microsoft Visual Studio Solution File, Format Version 12.00
# Visual Studio Version 16
VisualStudioVersion = 16.0.29613.14
MinimumVisualStudioVersion = 10.0.40219.1
Project("{FAE04EC0-301F-11D3-BF4B-00C04F79EFBC}") = "ConsoleApp1", "ConsoleApp1\ConsoleApp1.csproj", "{C9588E24-8711-4C07-A925-EC56381F14F6}"
EndProject
Global
	GlobalSection(SolutionConfigurationPlatforms) = preSolution
		Debug|Any CPU = Debug|Any CPU
		Release|Any CPU = Release|Any CPU
	EndGlobalSection
	GlobalSection(ProjectConfigurationPlatforms) = postSolution
		{C9588E24-8711-4C07-A925-EC56381F14F6}.Debug|Any CPU.ActiveCfg = Debug|Any CPU
		{C9588E24-8711-4C07-A925-EC56381F14F6}.Debug|Any CPU.Build.0 = Debug|Any CPU
		{C9588E24-8711-4C07-A925-EC56381F14F6}.Release|Any CPU.ActiveCfg = Release|Any CPU
		{C9588E24-8711-4C07-A925-EC56381F14F6}.Release|Any CPU.Build.0 = Release|Any CPU
	EndGlobalSection
	GlobalSection(SolutionProperties) = preSolution
		HideSolutionNode = FALSE
	EndGlobalSection
	GlobalSection(ExtensibilityGlobals) = postSolution
		SolutionGuid = {9D704219-82F4-4536-8DF8-23D560E2407B}
	EndGlobalSection
EndGlobal
