
Microsoft Visual Studio Solution File, Format Version 12.00
# Visual Studio Version 16
VisualStudioVersion = 16.0.29509.3
MinimumVisualStudioVersion = 10.0.40219.1
Project("{FAE04EC0-301F-11D3-BF4B-00C04F79EFBC}") = "4dekAsk5", "4dekAsk5\4dekAsk5.csproj", "{3A38AF33-3A9B-416F-A50E-7E2605E69D61}"
EndProject
Global
	GlobalSection(SolutionConfigurationPlatforms) = preSolution
		Debug|Any CPU = Debug|Any CPU
		Release|Any CPU = Release|Any CPU
	EndGlobalSection
	GlobalSection(ProjectConfigurationPlatforms) = postSolution
		{3A38AF33-3A9B-416F-A50E-7E2605E69D61}.Debug|Any CPU.ActiveCfg = Debug|Any CPU
		{3A38AF33-3A9B-416F-A50E-7E2605E69D61}.Debug|Any CPU.Build.0 = Debug|Any CPU
		{3A38AF33-3A9B-416F-A50E-7E2605E69D61}.Release|Any CPU.ActiveCfg = Release|Any CPU
		{3A38AF33-3A9B-416F-A50E-7E2605E69D61}.Release|Any CPU.Build.0 = Release|Any CPU
	EndGlobalSection
	GlobalSection(SolutionProperties) = preSolution
		HideSolutionNode = FALSE
	EndGlobalSection
	GlobalSection(ExtensibilityGlobals) = postSolution
		SolutionGuid = {D2DE909D-4708-465B-B427-D8CD31BE9C79}
	EndGlobalSection
EndGlobal
