
Microsoft Visual Studio Solution File, Format Version 12.00
# Visual Studio Version 16
VisualStudioVersion = 16.0.29509.3
MinimumVisualStudioVersion = 10.0.40219.1
Project("{FAE04EC0-301F-11D3-BF4B-00C04F79EFBC}") = "enthilakosi", "enthilakosi\enthilakosi.csproj", "{F82EA68B-3DDE-4A64-B08A-54315A351773}"
EndProject
Global
	GlobalSection(SolutionConfigurationPlatforms) = preSolution
		Debug|Any CPU = Debug|Any CPU
		Release|Any CPU = Release|Any CPU
	EndGlobalSection
	GlobalSection(ProjectConfigurationPlatforms) = postSolution
		{F82EA68B-3DDE-4A64-B08A-54315A351773}.Debug|Any CPU.ActiveCfg = Debug|Any CPU
		{F82EA68B-3DDE-4A64-B08A-54315A351773}.Debug|Any CPU.Build.0 = Debug|Any CPU
		{F82EA68B-3DDE-4A64-B08A-54315A351773}.Release|Any CPU.ActiveCfg = Release|Any CPU
		{F82EA68B-3DDE-4A64-B08A-54315A351773}.Release|Any CPU.Build.0 = Release|Any CPU
	EndGlobalSection
	GlobalSection(SolutionProperties) = preSolution
		HideSolutionNode = FALSE
	EndGlobalSection
	GlobalSection(ExtensibilityGlobals) = postSolution
		SolutionGuid = {852D954A-9778-4AC7-873B-F38E75827574}
	EndGlobalSection
EndGlobal
