
Microsoft Visual Studio Solution File, Format Version 12.00
# Visual Studio Version 16
VisualStudioVersion = 16.0.29509.3
MinimumVisualStudioVersion = 10.0.40219.1
Project("{FAE04EC0-301F-11D3-BF4B-00C04F79EFBC}") = "doro", "doro\doro.csproj", "{C9E3A10D-DE66-44F6-80C7-C64425252E0A}"
EndProject
Global
	GlobalSection(SolutionConfigurationPlatforms) = preSolution
		Debug|Any CPU = Debug|Any CPU
		Release|Any CPU = Release|Any CPU
	EndGlobalSection
	GlobalSection(ProjectConfigurationPlatforms) = postSolution
		{C9E3A10D-DE66-44F6-80C7-C64425252E0A}.Debug|Any CPU.ActiveCfg = Debug|Any CPU
		{C9E3A10D-DE66-44F6-80C7-C64425252E0A}.Debug|Any CPU.Build.0 = Debug|Any CPU
		{C9E3A10D-DE66-44F6-80C7-C64425252E0A}.Release|Any CPU.ActiveCfg = Release|Any CPU
		{C9E3A10D-DE66-44F6-80C7-C64425252E0A}.Release|Any CPU.Build.0 = Release|Any CPU
	EndGlobalSection
	GlobalSection(SolutionProperties) = preSolution
		HideSolutionNode = FALSE
	EndGlobalSection
	GlobalSection(ExtensibilityGlobals) = postSolution
		SolutionGuid = {B99824E3-C3EA-472E-B37B-F6D78E4F4BB6}
	EndGlobalSection
EndGlobal
