
Microsoft Visual Studio Solution File, Format Version 12.00
# Visual Studio Version 16
VisualStudioVersion = 16.0.29613.14
MinimumVisualStudioVersion = 10.0.40219.1
Project("{FAE04EC0-301F-11D3-BF4B-00C04F79EFBC}") = "codeWarsDecimalToBinary", "codeWarsDecimalToBinary\codeWarsDecimalToBinary.csproj", "{3D592914-4E29-4341-8FE8-FD807D71B133}"
EndProject
Global
	GlobalSection(SolutionConfigurationPlatforms) = preSolution
		Debug|Any CPU = Debug|Any CPU
		Release|Any CPU = Release|Any CPU
	EndGlobalSection
	GlobalSection(ProjectConfigurationPlatforms) = postSolution
		{3D592914-4E29-4341-8FE8-FD807D71B133}.Debug|Any CPU.ActiveCfg = Debug|Any CPU
		{3D592914-4E29-4341-8FE8-FD807D71B133}.Debug|Any CPU.Build.0 = Debug|Any CPU
		{3D592914-4E29-4341-8FE8-FD807D71B133}.Release|Any CPU.ActiveCfg = Release|Any CPU
		{3D592914-4E29-4341-8FE8-FD807D71B133}.Release|Any CPU.Build.0 = Release|Any CPU
	EndGlobalSection
	GlobalSection(SolutionProperties) = preSolution
		HideSolutionNode = FALSE
	EndGlobalSection
	GlobalSection(ExtensibilityGlobals) = postSolution
		SolutionGuid = {E709E8DC-313C-4B1E-B891-1741B6E0AB23}
	EndGlobalSection
EndGlobal
