
Microsoft Visual Studio Solution File, Format Version 12.00
# Visual Studio Version 16
VisualStudioVersion = 16.0.29613.14
MinimumVisualStudioVersion = 10.0.40219.1
Project("{FAE04EC0-301F-11D3-BF4B-00C04F79EFBC}") = "codeWarsAutomorphic", "codeWarsAutomorphic\codeWarsAutomorphic.csproj", "{9DF51754-1FEF-4D2A-ADF4-9D27A88C0D33}"
EndProject
Global
	GlobalSection(SolutionConfigurationPlatforms) = preSolution
		Debug|Any CPU = Debug|Any CPU
		Release|Any CPU = Release|Any CPU
	EndGlobalSection
	GlobalSection(ProjectConfigurationPlatforms) = postSolution
		{9DF51754-1FEF-4D2A-ADF4-9D27A88C0D33}.Debug|Any CPU.ActiveCfg = Debug|Any CPU
		{9DF51754-1FEF-4D2A-ADF4-9D27A88C0D33}.Debug|Any CPU.Build.0 = Debug|Any CPU
		{9DF51754-1FEF-4D2A-ADF4-9D27A88C0D33}.Release|Any CPU.ActiveCfg = Release|Any CPU
		{9DF51754-1FEF-4D2A-ADF4-9D27A88C0D33}.Release|Any CPU.Build.0 = Release|Any CPU
	EndGlobalSection
	GlobalSection(SolutionProperties) = preSolution
		HideSolutionNode = FALSE
	EndGlobalSection
	GlobalSection(ExtensibilityGlobals) = postSolution
		SolutionGuid = {C637AC7E-9C73-416F-9EF4-C996F2B59332}
	EndGlobalSection
EndGlobal
