
Microsoft Visual Studio Solution File, Format Version 12.00
# Visual Studio Version 16
VisualStudioVersion = 16.0.29613.14
MinimumVisualStudioVersion = 10.0.40219.1
Project("{FAE04EC0-301F-11D3-BF4B-00C04F79EFBC}") = "codeWarsReturnEven", "codeWarsReturnEven\codeWarsReturnEven.csproj", "{98F00CCE-509B-40D3-B89A-DB0DBFDF819D}"
EndProject
Global
	GlobalSection(SolutionConfigurationPlatforms) = preSolution
		Debug|Any CPU = Debug|Any CPU
		Release|Any CPU = Release|Any CPU
	EndGlobalSection
	GlobalSection(ProjectConfigurationPlatforms) = postSolution
		{98F00CCE-509B-40D3-B89A-DB0DBFDF819D}.Debug|Any CPU.ActiveCfg = Debug|Any CPU
		{98F00CCE-509B-40D3-B89A-DB0DBFDF819D}.Debug|Any CPU.Build.0 = Debug|Any CPU
		{98F00CCE-509B-40D3-B89A-DB0DBFDF819D}.Release|Any CPU.ActiveCfg = Release|Any CPU
		{98F00CCE-509B-40D3-B89A-DB0DBFDF819D}.Release|Any CPU.Build.0 = Release|Any CPU
	EndGlobalSection
	GlobalSection(SolutionProperties) = preSolution
		HideSolutionNode = FALSE
	EndGlobalSection
	GlobalSection(ExtensibilityGlobals) = postSolution
		SolutionGuid = {9DCA9A8A-1770-482D-BE13-E815D651818A}
	EndGlobalSection
EndGlobal
