
Microsoft Visual Studio Solution File, Format Version 12.00
# Visual Studio Version 16
VisualStudioVersion = 16.0.29613.14
MinimumVisualStudioVersion = 10.0.40219.1
Project("{FAE04EC0-301F-11D3-BF4B-00C04F79EFBC}") = "ConsoleApp9", "ConsoleApp9\ConsoleApp9.csproj", "{A4E0F2B3-540F-41FC-8BAB-C2CFDE1639D3}"
EndProject
Project("{FAE04EC0-301F-11D3-BF4B-00C04F79EFBC}") = "studyInheritance", "studyInheritance\studyInheritance.csproj", "{DDC74B44-1728-45B1-92FE-E2F774F676C2}"
EndProject
Project("{FAE04EC0-301F-11D3-BF4B-00C04F79EFBC}") = "studyInhertitance2", "studyInhertitance2\studyInhertitance2.csproj", "{9871790D-DDB5-4A4A-B4AF-7C4D42E9D517}"
EndProject
Project("{FAE04EC0-301F-11D3-BF4B-00C04F79EFBC}") = "studyInheritance3", "studyInheritance3\studyInheritance3.csproj", "{B47DAF12-AB79-446E-9353-B9813B6591F3}"
EndProject
Project("{FAE04EC0-301F-11D3-BF4B-00C04F79EFBC}") = "studyGenerics", "studyGenerics\studyGenerics.csproj", "{25424E6C-7FFA-4799-B17C-20D140EC1BF3}"
EndProject
Global
	GlobalSection(SolutionConfigurationPlatforms) = preSolution
		Debug|Any CPU = Debug|Any CPU
		Release|Any CPU = Release|Any CPU
	EndGlobalSection
	GlobalSection(ProjectConfigurationPlatforms) = postSolution
		{A4E0F2B3-540F-41FC-8BAB-C2CFDE1639D3}.Debug|Any CPU.ActiveCfg = Debug|Any CPU
		{A4E0F2B3-540F-41FC-8BAB-C2CFDE1639D3}.Debug|Any CPU.Build.0 = Debug|Any CPU
		{A4E0F2B3-540F-41FC-8BAB-C2CFDE1639D3}.Release|Any CPU.ActiveCfg = Release|Any CPU
		{A4E0F2B3-540F-41FC-8BAB-C2CFDE1639D3}.Release|Any CPU.Build.0 = Release|Any CPU
		{DDC74B44-1728-45B1-92FE-E2F774F676C2}.Debug|Any CPU.ActiveCfg = Debug|Any CPU
		{DDC74B44-1728-45B1-92FE-E2F774F676C2}.Debug|Any CPU.Build.0 = Debug|Any CPU
		{DDC74B44-1728-45B1-92FE-E2F774F676C2}.Release|Any CPU.ActiveCfg = Release|Any CPU
		{DDC74B44-1728-45B1-92FE-E2F774F676C2}.Release|Any CPU.Build.0 = Release|Any CPU
		{9871790D-DDB5-4A4A-B4AF-7C4D42E9D517}.Debug|Any CPU.ActiveCfg = Debug|Any CPU
		{9871790D-DDB5-4A4A-B4AF-7C4D42E9D517}.Debug|Any CPU.Build.0 = Debug|Any CPU
		{9871790D-DDB5-4A4A-B4AF-7C4D42E9D517}.Release|Any CPU.ActiveCfg = Release|Any CPU
		{9871790D-DDB5-4A4A-B4AF-7C4D42E9D517}.Release|Any CPU.Build.0 = Release|Any CPU
		{B47DAF12-AB79-446E-9353-B9813B6591F3}.Debug|Any CPU.ActiveCfg = Debug|Any CPU
		{B47DAF12-AB79-446E-9353-B9813B6591F3}.Debug|Any CPU.Build.0 = Debug|Any CPU
		{B47DAF12-AB79-446E-9353-B9813B6591F3}.Release|Any CPU.ActiveCfg = Release|Any CPU
		{B47DAF12-AB79-446E-9353-B9813B6591F3}.Release|Any CPU.Build.0 = Release|Any CPU
		{25424E6C-7FFA-4799-B17C-20D140EC1BF3}.Debug|Any CPU.ActiveCfg = Debug|Any CPU
		{25424E6C-7FFA-4799-B17C-20D140EC1BF3}.Debug|Any CPU.Build.0 = Debug|Any CPU
		{25424E6C-7FFA-4799-B17C-20D140EC1BF3}.Release|Any CPU.ActiveCfg = Release|Any CPU
		{25424E6C-7FFA-4799-B17C-20D140EC1BF3}.Release|Any CPU.Build.0 = Release|Any CPU
	EndGlobalSection
	GlobalSection(SolutionProperties) = preSolution
		HideSolutionNode = FALSE
	EndGlobalSection
	GlobalSection(ExtensibilityGlobals) = postSolution
		SolutionGuid = {2EA09B73-AF4E-4A1E-BE2D-9AEC7D74F17A}
	EndGlobalSection
EndGlobal
