
Microsoft Visual Studio Solution File, Format Version 12.00
# Visual Studio Version 16
VisualStudioVersion = 16.0.29613.14
MinimumVisualStudioVersion = 10.0.40219.1
Project("{FAE04EC0-301F-11D3-BF4B-00C04F79EFBC}") = "codeWarsStrongestNumber", "codeWarsStrongestNumber\codeWarsStrongestNumber.csproj", "{0FDE2BAB-3039-43BE-B02F-013798F41BB9}"
EndProject
Global
	GlobalSection(SolutionConfigurationPlatforms) = preSolution
		Debug|Any CPU = Debug|Any CPU
		Release|Any CPU = Release|Any CPU
	EndGlobalSection
	GlobalSection(ProjectConfigurationPlatforms) = postSolution
		{0FDE2BAB-3039-43BE-B02F-013798F41BB9}.Debug|Any CPU.ActiveCfg = Debug|Any CPU
		{0FDE2BAB-3039-43BE-B02F-013798F41BB9}.Debug|Any CPU.Build.0 = Debug|Any CPU
		{0FDE2BAB-3039-43BE-B02F-013798F41BB9}.Release|Any CPU.ActiveCfg = Release|Any CPU
		{0FDE2BAB-3039-43BE-B02F-013798F41BB9}.Release|Any CPU.Build.0 = Release|Any CPU
	EndGlobalSection
	GlobalSection(SolutionProperties) = preSolution
		HideSolutionNode = FALSE
	EndGlobalSection
	GlobalSection(ExtensibilityGlobals) = postSolution
		SolutionGuid = {9FC94103-42BB-4055-8F42-CA830D46C829}
	EndGlobalSection
EndGlobal
