
Microsoft Visual Studio Solution File, Format Version 12.00
# Visual Studio Version 16
VisualStudioVersion = 16.0.29613.14
MinimumVisualStudioVersion = 10.0.40219.1
Project("{FAE04EC0-301F-11D3-BF4B-00C04F79EFBC}") = "peiramataStringBuilder", "peiramataStringBuilder\peiramataStringBuilder.csproj", "{66B0B48C-2DF1-41B8-846F-D79A01A7E3BB}"
EndProject
Global
	GlobalSection(SolutionConfigurationPlatforms) = preSolution
		Debug|Any CPU = Debug|Any CPU
		Release|Any CPU = Release|Any CPU
	EndGlobalSection
	GlobalSection(ProjectConfigurationPlatforms) = postSolution
		{66B0B48C-2DF1-41B8-846F-D79A01A7E3BB}.Debug|Any CPU.ActiveCfg = Debug|Any CPU
		{66B0B48C-2DF1-41B8-846F-D79A01A7E3BB}.Debug|Any CPU.Build.0 = Debug|Any CPU
		{66B0B48C-2DF1-41B8-846F-D79A01A7E3BB}.Release|Any CPU.ActiveCfg = Release|Any CPU
		{66B0B48C-2DF1-41B8-846F-D79A01A7E3BB}.Release|Any CPU.Build.0 = Release|Any CPU
	EndGlobalSection
	GlobalSection(SolutionProperties) = preSolution
		HideSolutionNode = FALSE
	EndGlobalSection
	GlobalSection(ExtensibilityGlobals) = postSolution
		SolutionGuid = {D980E7F4-07F4-48B5-8189-28596D41B7EA}
	EndGlobalSection
EndGlobal
