
Microsoft Visual Studio Solution File, Format Version 12.00
# Visual Studio Version 16
VisualStudioVersion = 16.0.29613.14
MinimumVisualStudioVersion = 10.0.40219.1
Project("{E24C65DC-7377-472B-9ABA-BC803B73C61A}") = "elClassico Website", ".", "{0943A125-8A48-436C-B25F-1B2305DE6F94}"
	ProjectSection(WebsiteProperties) = preProject
		TargetFrameworkMoniker = ".NETFramework,Version%3Dv4.0"
		Debug.AspNetCompiler.VirtualPath = "/localhost_52080"
		Debug.AspNetCompiler.PhysicalPath = "..\elClassico Website\"
		Debug.AspNetCompiler.TargetPath = "PrecompiledWeb\localhost_52080\"
		Debug.AspNetCompiler.Updateable = "true"
		Debug.AspNetCompiler.ForceOverwrite = "true"
		Debug.AspNetCompiler.FixedNames = "false"
		Debug.AspNetCompiler.Debug = "True"
		Release.AspNetCompiler.VirtualPath = "/localhost_52080"
		Release.AspNetCompiler.PhysicalPath = "..\elClassico Website\"
		Release.AspNetCompiler.TargetPath = "PrecompiledWeb\localhost_52080\"
		Release.AspNetCompiler.Updateable = "true"
		Release.AspNetCompiler.ForceOverwrite = "true"
		Release.AspNetCompiler.FixedNames = "false"
		Release.AspNetCompiler.Debug = "False"
		VWDPort = "52080"
		SlnRelativePath = "..\elClassico Website\"
	EndProjectSection
EndProject
Global
	GlobalSection(SolutionConfigurationPlatforms) = preSolution
		Debug|Any CPU = Debug|Any CPU
	EndGlobalSection
	GlobalSection(ProjectConfigurationPlatforms) = postSolution
		{0943A125-8A48-436C-B25F-1B2305DE6F94}.Debug|Any CPU.ActiveCfg = Debug|Any CPU
		{0943A125-8A48-436C-B25F-1B2305DE6F94}.Debug|Any CPU.Build.0 = Debug|Any CPU
	EndGlobalSection
	GlobalSection(SolutionProperties) = preSolution
		HideSolutionNode = FALSE
	EndGlobalSection
	GlobalSection(ExtensibilityGlobals) = postSolution
		SolutionGuid = {043497C7-0A49-4AC4-B96C-A64A2A01B405}
	EndGlobalSection
EndGlobal
