
Microsoft Visual Studio Solution File, Format Version 12.00
# Visual Studio Version 16
VisualStudioVersion = 16.0.29509.3
MinimumVisualStudioVersion = 10.0.40219.1
Project("{FAE04EC0-301F-11D3-BF4B-00C04F79EFBC}") = "3me7", "3me7\3me7.csproj", "{999B1016-8FD1-46C7-8250-E3163772824F}"
EndProject
Global
	GlobalSection(SolutionConfigurationPlatforms) = preSolution
		Debug|Any CPU = Debug|Any CPU
		Release|Any CPU = Release|Any CPU
	EndGlobalSection
	GlobalSection(ProjectConfigurationPlatforms) = postSolution
		{999B1016-8FD1-46C7-8250-E3163772824F}.Debug|Any CPU.ActiveCfg = Debug|Any CPU
		{999B1016-8FD1-46C7-8250-E3163772824F}.Debug|Any CPU.Build.0 = Debug|Any CPU
		{999B1016-8FD1-46C7-8250-E3163772824F}.Release|Any CPU.ActiveCfg = Release|Any CPU
		{999B1016-8FD1-46C7-8250-E3163772824F}.Release|Any CPU.Build.0 = Release|Any CPU
	EndGlobalSection
	GlobalSection(SolutionProperties) = preSolution
		HideSolutionNode = FALSE
	EndGlobalSection
	GlobalSection(ExtensibilityGlobals) = postSolution
		SolutionGuid = {D63FC23D-A937-40C3-9A66-899FB399C0CA}
	EndGlobalSection
EndGlobal
