
Microsoft Visual Studio Solution File, Format Version 12.00
# Visual Studio Version 16
VisualStudioVersion = 16.0.29613.14
MinimumVisualStudioVersion = 10.0.40219.1
Project("{FAE04EC0-301F-11D3-BF4B-00C04F79EFBC}") = "peiramataEntity", "peiramataEntity\peiramataEntity.csproj", "{04182A99-848D-4A04-8181-166E4F5C308F}"
EndProject
Global
	GlobalSection(SolutionConfigurationPlatforms) = preSolution
		Debug|Any CPU = Debug|Any CPU
		Release|Any CPU = Release|Any CPU
	EndGlobalSection
	GlobalSection(ProjectConfigurationPlatforms) = postSolution
		{04182A99-848D-4A04-8181-166E4F5C308F}.Debug|Any CPU.ActiveCfg = Debug|Any CPU
		{04182A99-848D-4A04-8181-166E4F5C308F}.Debug|Any CPU.Build.0 = Debug|Any CPU
		{04182A99-848D-4A04-8181-166E4F5C308F}.Release|Any CPU.ActiveCfg = Release|Any CPU
		{04182A99-848D-4A04-8181-166E4F5C308F}.Release|Any CPU.Build.0 = Release|Any CPU
	EndGlobalSection
	GlobalSection(SolutionProperties) = preSolution
		HideSolutionNode = FALSE
	EndGlobalSection
	GlobalSection(ExtensibilityGlobals) = postSolution
		SolutionGuid = {C710940D-82BD-47DC-8674-C09C3A6D8DA7}
	EndGlobalSection
EndGlobal
