
Microsoft Visual Studio Solution File, Format Version 12.00
# Visual Studio Version 16
VisualStudioVersion = 16.0.29509.3
MinimumVisualStudioVersion = 10.0.40219.1
Project("{FAE04EC0-301F-11D3-BF4B-00C04F79EFBC}") = "spider", "spider\spider.csproj", "{8AB3E21C-F9A9-4782-B6DE-9489D8EDA515}"
EndProject
Global
	GlobalSection(SolutionConfigurationPlatforms) = preSolution
		Debug|Any CPU = Debug|Any CPU
		Release|Any CPU = Release|Any CPU
	EndGlobalSection
	GlobalSection(ProjectConfigurationPlatforms) = postSolution
		{8AB3E21C-F9A9-4782-B6DE-9489D8EDA515}.Debug|Any CPU.ActiveCfg = Debug|Any CPU
		{8AB3E21C-F9A9-4782-B6DE-9489D8EDA515}.Debug|Any CPU.Build.0 = Debug|Any CPU
		{8AB3E21C-F9A9-4782-B6DE-9489D8EDA515}.Release|Any CPU.ActiveCfg = Release|Any CPU
		{8AB3E21C-F9A9-4782-B6DE-9489D8EDA515}.Release|Any CPU.Build.0 = Release|Any CPU
	EndGlobalSection
	GlobalSection(SolutionProperties) = preSolution
		HideSolutionNode = FALSE
	EndGlobalSection
	GlobalSection(ExtensibilityGlobals) = postSolution
		SolutionGuid = {C8116953-D2F1-453C-B7BA-61AAED319BB3}
	EndGlobalSection
EndGlobal
