
Microsoft Visual Studio Solution File, Format Version 12.00
# Visual Studio Version 16
VisualStudioVersion = 16.0.29509.3
MinimumVisualStudioVersion = 10.0.40219.1
Project("{FAE04EC0-301F-11D3-BF4B-00C04F79EFBC}") = "4dekAsk1", "4dekAsk1\4dekAsk1.csproj", "{10AAE684-D2CA-46FA-95B6-C4405F83C1D9}"
EndProject
Global
	GlobalSection(SolutionConfigurationPlatforms) = preSolution
		Debug|Any CPU = Debug|Any CPU
		Release|Any CPU = Release|Any CPU
	EndGlobalSection
	GlobalSection(ProjectConfigurationPlatforms) = postSolution
		{10AAE684-D2CA-46FA-95B6-C4405F83C1D9}.Debug|Any CPU.ActiveCfg = Debug|Any CPU
		{10AAE684-D2CA-46FA-95B6-C4405F83C1D9}.Debug|Any CPU.Build.0 = Debug|Any CPU
		{10AAE684-D2CA-46FA-95B6-C4405F83C1D9}.Release|Any CPU.ActiveCfg = Release|Any CPU
		{10AAE684-D2CA-46FA-95B6-C4405F83C1D9}.Release|Any CPU.Build.0 = Release|Any CPU
	EndGlobalSection
	GlobalSection(SolutionProperties) = preSolution
		HideSolutionNode = FALSE
	EndGlobalSection
	GlobalSection(ExtensibilityGlobals) = postSolution
		SolutionGuid = {1BD84593-BE4B-4D4C-AFF5-0EFA25D9914F}
	EndGlobalSection
EndGlobal
