
Microsoft Visual Studio Solution File, Format Version 12.00
# Visual Studio Version 16
VisualStudioVersion = 16.0.29613.14
MinimumVisualStudioVersion = 10.0.40219.1
Project("{FAE04EC0-301F-11D3-BF4B-00C04F79EFBC}") = "codeWarsStrongNumber", "codeWarsStrongNumber\codeWarsStrongNumber.csproj", "{05A7F6C7-6F9E-437C-AB88-41FE732E21AF}"
EndProject
Global
	GlobalSection(SolutionConfigurationPlatforms) = preSolution
		Debug|Any CPU = Debug|Any CPU
		Release|Any CPU = Release|Any CPU
	EndGlobalSection
	GlobalSection(ProjectConfigurationPlatforms) = postSolution
		{05A7F6C7-6F9E-437C-AB88-41FE732E21AF}.Debug|Any CPU.ActiveCfg = Debug|Any CPU
		{05A7F6C7-6F9E-437C-AB88-41FE732E21AF}.Debug|Any CPU.Build.0 = Debug|Any CPU
		{05A7F6C7-6F9E-437C-AB88-41FE732E21AF}.Release|Any CPU.ActiveCfg = Release|Any CPU
		{05A7F6C7-6F9E-437C-AB88-41FE732E21AF}.Release|Any CPU.Build.0 = Release|Any CPU
	EndGlobalSection
	GlobalSection(SolutionProperties) = preSolution
		HideSolutionNode = FALSE
	EndGlobalSection
	GlobalSection(ExtensibilityGlobals) = postSolution
		SolutionGuid = {9FD527A7-A096-46F5-AFBC-D366AA6D0EE1}
	EndGlobalSection
EndGlobal
