
Microsoft Visual Studio Solution File, Format Version 12.00
# Visual Studio Version 16
VisualStudioVersion = 16.0.29613.14
MinimumVisualStudioVersion = 10.0.40219.1
Project("{FAE04EC0-301F-11D3-BF4B-00C04F79EFBC}") = "ConsoleApp5", "ConsoleApp5\ConsoleApp5.csproj", "{A16DB4CF-CC67-4FF7-A1C5-5FDC3854B04F}"
EndProject
Global
	GlobalSection(SolutionConfigurationPlatforms) = preSolution
		Debug|Any CPU = Debug|Any CPU
		Release|Any CPU = Release|Any CPU
	EndGlobalSection
	GlobalSection(ProjectConfigurationPlatforms) = postSolution
		{A16DB4CF-CC67-4FF7-A1C5-5FDC3854B04F}.Debug|Any CPU.ActiveCfg = Debug|Any CPU
		{A16DB4CF-CC67-4FF7-A1C5-5FDC3854B04F}.Debug|Any CPU.Build.0 = Debug|Any CPU
		{A16DB4CF-CC67-4FF7-A1C5-5FDC3854B04F}.Release|Any CPU.ActiveCfg = Release|Any CPU
		{A16DB4CF-CC67-4FF7-A1C5-5FDC3854B04F}.Release|Any CPU.Build.0 = Release|Any CPU
	EndGlobalSection
	GlobalSection(SolutionProperties) = preSolution
		HideSolutionNode = FALSE
	EndGlobalSection
	GlobalSection(ExtensibilityGlobals) = postSolution
		SolutionGuid = {54CC2938-5F3A-45AE-9ED8-3A316158BC25}
	EndGlobalSection
EndGlobal
