
Microsoft Visual Studio Solution File, Format Version 12.00
# Visual Studio Version 16
VisualStudioVersion = 16.0.29613.14
MinimumVisualStudioVersion = 10.0.40219.1
Project("{FAE04EC0-301F-11D3-BF4B-00C04F79EFBC}") = "codeWarsSquareNum", "codeWarsSquareNum\codeWarsSquareNum.csproj", "{45B68E32-0C75-40D4-A9BF-6873D02B79D8}"
EndProject
Global
	GlobalSection(SolutionConfigurationPlatforms) = preSolution
		Debug|Any CPU = Debug|Any CPU
		Release|Any CPU = Release|Any CPU
	EndGlobalSection
	GlobalSection(ProjectConfigurationPlatforms) = postSolution
		{45B68E32-0C75-40D4-A9BF-6873D02B79D8}.Debug|Any CPU.ActiveCfg = Debug|Any CPU
		{45B68E32-0C75-40D4-A9BF-6873D02B79D8}.Debug|Any CPU.Build.0 = Debug|Any CPU
		{45B68E32-0C75-40D4-A9BF-6873D02B79D8}.Release|Any CPU.ActiveCfg = Release|Any CPU
		{45B68E32-0C75-40D4-A9BF-6873D02B79D8}.Release|Any CPU.Build.0 = Release|Any CPU
	EndGlobalSection
	GlobalSection(SolutionProperties) = preSolution
		HideSolutionNode = FALSE
	EndGlobalSection
	GlobalSection(ExtensibilityGlobals) = postSolution
		SolutionGuid = {918B61BD-1AA9-4AA9-A0D2-7FD9D85A7352}
	EndGlobalSection
EndGlobal
