
Microsoft Visual Studio Solution File, Format Version 12.00
# Visual Studio Version 16
VisualStudioVersion = 16.0.29728.190
MinimumVisualStudioVersion = 10.0.40219.1
Project("{FAE04EC0-301F-11D3-BF4B-00C04F79EFBC}") = "mvcSchool", "mvcSchool\mvcSchool.csproj", "{CCB780B8-D6C7-4377-9D16-7BA1DDC0254B}"
EndProject
Global
	GlobalSection(SolutionConfigurationPlatforms) = preSolution
		Debug|Any CPU = Debug|Any CPU
		Release|Any CPU = Release|Any CPU
	EndGlobalSection
	GlobalSection(ProjectConfigurationPlatforms) = postSolution
		{CCB780B8-D6C7-4377-9D16-7BA1DDC0254B}.Debug|Any CPU.ActiveCfg = Debug|Any CPU
		{CCB780B8-D6C7-4377-9D16-7BA1DDC0254B}.Debug|Any CPU.Build.0 = Debug|Any CPU
		{CCB780B8-D6C7-4377-9D16-7BA1DDC0254B}.Release|Any CPU.ActiveCfg = Release|Any CPU
		{CCB780B8-D6C7-4377-9D16-7BA1DDC0254B}.Release|Any CPU.Build.0 = Release|Any CPU
	EndGlobalSection
	GlobalSection(SolutionProperties) = preSolution
		HideSolutionNode = FALSE
	EndGlobalSection
	GlobalSection(ExtensibilityGlobals) = postSolution
		SolutionGuid = {85384B07-4799-4478-B0CF-80398C402717}
	EndGlobalSection
EndGlobal
