
Microsoft Visual Studio Solution File, Format Version 12.00
# Visual Studio Version 16
VisualStudioVersion = 16.0.29613.14
MinimumVisualStudioVersion = 10.0.40219.1
Project("{FAE04EC0-301F-11D3-BF4B-00C04F79EFBC}") = "codeWarsSumOddTriangle", "codeWarsSumOddTriangle\codeWarsSumOddTriangle.csproj", "{B3B101A3-B1E6-4D27-9769-5CC20C4FE1D5}"
EndProject
Global
	GlobalSection(SolutionConfigurationPlatforms) = preSolution
		Debug|Any CPU = Debug|Any CPU
		Release|Any CPU = Release|Any CPU
	EndGlobalSection
	GlobalSection(ProjectConfigurationPlatforms) = postSolution
		{B3B101A3-B1E6-4D27-9769-5CC20C4FE1D5}.Debug|Any CPU.ActiveCfg = Debug|Any CPU
		{B3B101A3-B1E6-4D27-9769-5CC20C4FE1D5}.Debug|Any CPU.Build.0 = Debug|Any CPU
		{B3B101A3-B1E6-4D27-9769-5CC20C4FE1D5}.Release|Any CPU.ActiveCfg = Release|Any CPU
		{B3B101A3-B1E6-4D27-9769-5CC20C4FE1D5}.Release|Any CPU.Build.0 = Release|Any CPU
	EndGlobalSection
	GlobalSection(SolutionProperties) = preSolution
		HideSolutionNode = FALSE
	EndGlobalSection
	GlobalSection(ExtensibilityGlobals) = postSolution
		SolutionGuid = {DD212725-1981-431C-80D5-905BD8FC6F1D}
	EndGlobalSection
EndGlobal
