
Microsoft Visual Studio Solution File, Format Version 12.00
# Visual Studio Version 16
VisualStudioVersion = 16.0.29613.14
MinimumVisualStudioVersion = 10.0.40219.1
Project("{FAE04EC0-301F-11D3-BF4B-00C04F79EFBC}") = "codeWarsBinaryConversion2", "codeWarsBinaryConversion2\codeWarsBinaryConversion2.csproj", "{DC6347D2-0B6F-41DF-B2F5-201D59B346EA}"
EndProject
Global
	GlobalSection(SolutionConfigurationPlatforms) = preSolution
		Debug|Any CPU = Debug|Any CPU
		Release|Any CPU = Release|Any CPU
	EndGlobalSection
	GlobalSection(ProjectConfigurationPlatforms) = postSolution
		{DC6347D2-0B6F-41DF-B2F5-201D59B346EA}.Debug|Any CPU.ActiveCfg = Debug|Any CPU
		{DC6347D2-0B6F-41DF-B2F5-201D59B346EA}.Debug|Any CPU.Build.0 = Debug|Any CPU
		{DC6347D2-0B6F-41DF-B2F5-201D59B346EA}.Release|Any CPU.ActiveCfg = Release|Any CPU
		{DC6347D2-0B6F-41DF-B2F5-201D59B346EA}.Release|Any CPU.Build.0 = Release|Any CPU
	EndGlobalSection
	GlobalSection(SolutionProperties) = preSolution
		HideSolutionNode = FALSE
	EndGlobalSection
	GlobalSection(ExtensibilityGlobals) = postSolution
		SolutionGuid = {B793CF57-DC66-46E5-BEE4-2B1CA10B4382}
	EndGlobalSection
EndGlobal
