
Microsoft Visual Studio Solution File, Format Version 12.00
# Visual Studio Version 16
VisualStudioVersion = 16.0.29509.3
MinimumVisualStudioVersion = 10.0.40219.1
Project("{FAE04EC0-301F-11D3-BF4B-00C04F79EFBC}") = "tuposPoint", "tuposPoint\tuposPoint.csproj", "{32928758-34CD-4606-969C-1AB0DA235383}"
EndProject
Global
	GlobalSection(SolutionConfigurationPlatforms) = preSolution
		Debug|Any CPU = Debug|Any CPU
		Release|Any CPU = Release|Any CPU
	EndGlobalSection
	GlobalSection(ProjectConfigurationPlatforms) = postSolution
		{32928758-34CD-4606-969C-1AB0DA235383}.Debug|Any CPU.ActiveCfg = Debug|Any CPU
		{32928758-34CD-4606-969C-1AB0DA235383}.Debug|Any CPU.Build.0 = Debug|Any CPU
		{32928758-34CD-4606-969C-1AB0DA235383}.Release|Any CPU.ActiveCfg = Release|Any CPU
		{32928758-34CD-4606-969C-1AB0DA235383}.Release|Any CPU.Build.0 = Release|Any CPU
	EndGlobalSection
	GlobalSection(SolutionProperties) = preSolution
		HideSolutionNode = FALSE
	EndGlobalSection
	GlobalSection(ExtensibilityGlobals) = postSolution
		SolutionGuid = {EEAF89F1-78D9-47FC-A0FB-C976A098A0A5}
	EndGlobalSection
EndGlobal
