
Microsoft Visual Studio Solution File, Format Version 12.00
# Visual Studio Version 16
VisualStudioVersion = 16.0.29509.3
MinimumVisualStudioVersion = 10.0.40219.1
Project("{FAE04EC0-301F-11D3-BF4B-00C04F79EFBC}") = "ShirtApp", "ShirtApp\ShirtApp.csproj", "{1F0F9DC0-A109-47A9-9BAA-065411419D7F}"
EndProject
Global
	GlobalSection(SolutionConfigurationPlatforms) = preSolution
		Debug|Any CPU = Debug|Any CPU
		Release|Any CPU = Release|Any CPU
	EndGlobalSection
	GlobalSection(ProjectConfigurationPlatforms) = postSolution
		{1F0F9DC0-A109-47A9-9BAA-065411419D7F}.Debug|Any CPU.ActiveCfg = Debug|Any CPU
		{1F0F9DC0-A109-47A9-9BAA-065411419D7F}.Debug|Any CPU.Build.0 = Debug|Any CPU
		{1F0F9DC0-A109-47A9-9BAA-065411419D7F}.Release|Any CPU.ActiveCfg = Release|Any CPU
		{1F0F9DC0-A109-47A9-9BAA-065411419D7F}.Release|Any CPU.Build.0 = Release|Any CPU
	EndGlobalSection
	GlobalSection(SolutionProperties) = preSolution
		HideSolutionNode = FALSE
	EndGlobalSection
	GlobalSection(ExtensibilityGlobals) = postSolution
		SolutionGuid = {481EC669-EBE0-4CC6-AB80-37A178069C4E}
	EndGlobalSection
EndGlobal
