
Microsoft Visual Studio Solution File, Format Version 12.00
# Visual Studio Version 16
VisualStudioVersion = 16.0.29509.3
MinimumVisualStudioVersion = 10.0.40219.1
Project("{FAE04EC0-301F-11D3-BF4B-00C04F79EFBC}") = "5dekAsk7", "5dekAsk7\5dekAsk7.csproj", "{961F8984-A833-4A30-82CA-5904CD7DE98D}"
EndProject
Global
	GlobalSection(SolutionConfigurationPlatforms) = preSolution
		Debug|Any CPU = Debug|Any CPU
		Release|Any CPU = Release|Any CPU
	EndGlobalSection
	GlobalSection(ProjectConfigurationPlatforms) = postSolution
		{961F8984-A833-4A30-82CA-5904CD7DE98D}.Debug|Any CPU.ActiveCfg = Debug|Any CPU
		{961F8984-A833-4A30-82CA-5904CD7DE98D}.Debug|Any CPU.Build.0 = Debug|Any CPU
		{961F8984-A833-4A30-82CA-5904CD7DE98D}.Release|Any CPU.ActiveCfg = Release|Any CPU
		{961F8984-A833-4A30-82CA-5904CD7DE98D}.Release|Any CPU.Build.0 = Release|Any CPU
	EndGlobalSection
	GlobalSection(SolutionProperties) = preSolution
		HideSolutionNode = FALSE
	EndGlobalSection
	GlobalSection(ExtensibilityGlobals) = postSolution
		SolutionGuid = {7EE5629B-A8D5-4E83-8088-ED0FD16208AB}
	EndGlobalSection
EndGlobal
