
Microsoft Visual Studio Solution File, Format Version 12.00
# Visual Studio Version 16
VisualStudioVersion = 16.0.29613.14
MinimumVisualStudioVersion = 10.0.40219.1
Project("{FAE04EC0-301F-11D3-BF4B-00C04F79EFBC}") = "codeWarsSumOfDigitsRecursive", "codeWarsSumOfDigitsRecursive\codeWarsSumOfDigitsRecursive.csproj", "{BB8BAC4D-754E-4510-96FA-7365BBAD347F}"
EndProject
Global
	GlobalSection(SolutionConfigurationPlatforms) = preSolution
		Debug|Any CPU = Debug|Any CPU
		Release|Any CPU = Release|Any CPU
	EndGlobalSection
	GlobalSection(ProjectConfigurationPlatforms) = postSolution
		{BB8BAC4D-754E-4510-96FA-7365BBAD347F}.Debug|Any CPU.ActiveCfg = Debug|Any CPU
		{BB8BAC4D-754E-4510-96FA-7365BBAD347F}.Debug|Any CPU.Build.0 = Debug|Any CPU
		{BB8BAC4D-754E-4510-96FA-7365BBAD347F}.Release|Any CPU.ActiveCfg = Release|Any CPU
		{BB8BAC4D-754E-4510-96FA-7365BBAD347F}.Release|Any CPU.Build.0 = Release|Any CPU
	EndGlobalSection
	GlobalSection(SolutionProperties) = preSolution
		HideSolutionNode = FALSE
	EndGlobalSection
	GlobalSection(ExtensibilityGlobals) = postSolution
		SolutionGuid = {85D2B7AF-6BEC-47D5-9725-B2E1C0C16265}
	EndGlobalSection
EndGlobal
